// !$*UTF8*$!
{
	archiveVersion = 1;
	classes = {
	};
	objectVersion = 46;
	objects = {

/* Begin PBXAggregateTarget section */
		"STM::STMPackageTests::ProductTarget" /* STMPackageTests */ = {
			isa = PBXAggregateTarget;
			buildConfigurationList = OBJ_99 /* Build configuration list for PBXAggregateTarget "STMPackageTests" */;
			buildPhases = (
			);
			dependencies = (
				OBJ_102 /* PBXTargetDependency */,
			);
			name = STMPackageTests;
			productName = STMPackageTests;
		};
/* End PBXAggregateTarget section */

/* Begin PBXBuildFile section */
		49A13ECD2175332B00E5FDF6 /* AccessQueue.swift in Sources */ = {isa = PBXBuildFile; fileRef = 49A13ECC2175332B00E5FDF6 /* AccessQueue.swift */; };
		OBJ_108 /* Account.swift in Sources */ = {isa = PBXBuildFile; fileRef = OBJ_23 /* Account.swift */; };
		OBJ_109 /* Bank.swift in Sources */ = {isa = PBXBuildFile; fileRef = OBJ_24 /* Bank.swift */; };
		OBJ_110 /* STMTests.swift in Sources */ = {isa = PBXBuildFile; fileRef = OBJ_25 /* STMTests.swift */; };
		OBJ_111 /* XCTestManifests.swift in Sources */ = {isa = PBXBuildFile; fileRef = OBJ_26 /* XCTestManifests.swift */; };
		OBJ_113 /* STM.framework in Frameworks */ = {isa = PBXBuildFile; fileRef = "STM::STM::Product" /* STM.framework */; };
		OBJ_114 /* Atomics.framework in Frameworks */ = {isa = PBXBuildFile; fileRef = "Atomics::Atomics::Product" /* Atomics.framework */; };
		OBJ_115 /* CAtomics.framework in Frameworks */ = {isa = PBXBuildFile; fileRef = "Atomics::CAtomics::Product" /* CAtomics.framework */; };
		OBJ_49 /* atomics-fence.swift in Sources */ = {isa = PBXBuildFile; fileRef = OBJ_34 /* atomics-fence.swift */; };
		OBJ_50 /* atomics-integer.swift in Sources */ = {isa = PBXBuildFile; fileRef = OBJ_35 /* atomics-integer.swift */; };
		OBJ_51 /* atomics-pointer.swift in Sources */ = {isa = PBXBuildFile; fileRef = OBJ_36 /* atomics-pointer.swift */; };
		OBJ_52 /* atomics-reference.swift in Sources */ = {isa = PBXBuildFile; fileRef = OBJ_37 /* atomics-reference.swift */; };
		OBJ_54 /* CAtomics.framework in Frameworks */ = {isa = PBXBuildFile; fileRef = "Atomics::CAtomics::Product" /* CAtomics.framework */; };
		OBJ_62 /* Package.swift in Sources */ = {isa = PBXBuildFile; fileRef = OBJ_38 /* Package.swift */; };
		OBJ_67 /* CAtomics.c in Sources */ = {isa = PBXBuildFile; fileRef = OBJ_30 /* CAtomics.c */; };
		OBJ_69 /* CAtomics.h in Headers */ = {isa = PBXBuildFile; fileRef = OBJ_32 /* CAtomics.h */; settings = {ATTRIBUTES = (Public, ); }; };
		OBJ_76 /* BackoffIterator.swift in Sources */ = {isa = PBXBuildFile; fileRef = OBJ_9 /* BackoffIterator.swift */; };
		OBJ_77 /* Barrier.swift in Sources */ = {isa = PBXBuildFile; fileRef = OBJ_10 /* Barrier.swift */; };
		OBJ_78 /* Error.swift in Sources */ = {isa = PBXBuildFile; fileRef = OBJ_11 /* Error.swift */; };
		OBJ_79 /* Thread.swift in Sources */ = {isa = PBXBuildFile; fileRef = OBJ_13 /* Thread.swift */; };
		OBJ_80 /* Manager.swift in Sources */ = {isa = PBXBuildFile; fileRef = OBJ_14 /* Manager.swift */; };
		OBJ_81 /* Operators.swift in Sources */ = {isa = PBXBuildFile; fileRef = OBJ_15 /* Operators.swift */; };
		OBJ_82 /* Reference.swift in Sources */ = {isa = PBXBuildFile; fileRef = OBJ_16 /* Reference.swift */; };
		OBJ_84 /* Signature.swift in Sources */ = {isa = PBXBuildFile; fileRef = OBJ_18 /* Signature.swift */; };
		OBJ_85 /* TInt.swift in Sources */ = {isa = PBXBuildFile; fileRef = OBJ_19 /* TInt.swift */; };
		OBJ_86 /* Transaction.swift in Sources */ = {isa = PBXBuildFile; fileRef = OBJ_20 /* Transaction.swift */; };
		OBJ_88 /* Atomics.framework in Frameworks */ = {isa = PBXBuildFile; fileRef = "Atomics::Atomics::Product" /* Atomics.framework */; };
		OBJ_89 /* CAtomics.framework in Frameworks */ = {isa = PBXBuildFile; fileRef = "Atomics::CAtomics::Product" /* CAtomics.framework */; };
		OBJ_97 /* Package.swift in Sources */ = {isa = PBXBuildFile; fileRef = OBJ_6 /* Package.swift */; };
/* End PBXBuildFile section */

/* Begin PBXContainerItemProxy section */
		49D56BDD21751DAC003782EC /* PBXContainerItemProxy */ = {
			isa = PBXContainerItemProxy;
			containerPortal = OBJ_1 /* Project object */;
			proxyType = 1;
			remoteGlobalIDString = "Atomics::Atomics";
			remoteInfo = Atomics;
		};
		49D56BDE21751DAC003782EC /* PBXContainerItemProxy */ = {
			isa = PBXContainerItemProxy;
			containerPortal = OBJ_1 /* Project object */;
			proxyType = 1;
			remoteGlobalIDString = "Atomics::CAtomics";
			remoteInfo = CAtomics;
		};
		49D56BDF21751DAC003782EC /* PBXContainerItemProxy */ = {
			isa = PBXContainerItemProxy;
			containerPortal = OBJ_1 /* Project object */;
			proxyType = 1;
			remoteGlobalIDString = "Atomics::CAtomics";
			remoteInfo = CAtomics;
		};
		49D56BE021751DAC003782EC /* PBXContainerItemProxy */ = {
			isa = PBXContainerItemProxy;
			containerPortal = OBJ_1 /* Project object */;
			proxyType = 1;
			remoteGlobalIDString = "STM::STM";
			remoteInfo = STM;
		};
		49D56BE121751DAC003782EC /* PBXContainerItemProxy */ = {
			isa = PBXContainerItemProxy;
			containerPortal = OBJ_1 /* Project object */;
			proxyType = 1;
			remoteGlobalIDString = "Atomics::Atomics";
			remoteInfo = Atomics;
		};
		49D56BE221751DAC003782EC /* PBXContainerItemProxy */ = {
			isa = PBXContainerItemProxy;
			containerPortal = OBJ_1 /* Project object */;
			proxyType = 1;
			remoteGlobalIDString = "Atomics::CAtomics";
			remoteInfo = CAtomics;
		};
		49D56BE321751DAD003782EC /* PBXContainerItemProxy */ = {
			isa = PBXContainerItemProxy;
			containerPortal = OBJ_1 /* Project object */;
			proxyType = 1;
			remoteGlobalIDString = "STM::STMTests";
			remoteInfo = STMTests;
		};
/* End PBXContainerItemProxy section */

/* Begin PBXFileReference section */
		49A13ECC2175332B00E5FDF6 /* AccessQueue.swift */ = {isa = PBXFileReference; lastKnownFileType = sourcecode.swift; path = AccessQueue.swift; sourceTree = "<group>"; };
		"Atomics::Atomics::Product" /* Atomics.framework */ = {isa = PBXFileReference; lastKnownFileType = wrapper.framework; path = Atomics.framework; sourceTree = BUILT_PRODUCTS_DIR; };
		"Atomics::CAtomics::Product" /* CAtomics.framework */ = {isa = PBXFileReference; lastKnownFileType = wrapper.framework; path = CAtomics.framework; sourceTree = BUILT_PRODUCTS_DIR; };
		OBJ_10 /* Barrier.swift */ = {isa = PBXFileReference; lastKnownFileType = sourcecode.swift; path = Barrier.swift; sourceTree = "<group>"; };
		OBJ_11 /* Error.swift */ = {isa = PBXFileReference; lastKnownFileType = sourcecode.swift; path = Error.swift; sourceTree = "<group>"; };
		OBJ_13 /* Thread.swift */ = {isa = PBXFileReference; lastKnownFileType = sourcecode.swift; path = Thread.swift; sourceTree = "<group>"; };
		OBJ_14 /* Manager.swift */ = {isa = PBXFileReference; lastKnownFileType = sourcecode.swift; path = Manager.swift; sourceTree = "<group>"; };
		OBJ_15 /* Operators.swift */ = {isa = PBXFileReference; lastKnownFileType = sourcecode.swift; path = Operators.swift; sourceTree = "<group>"; };
		OBJ_16 /* Reference.swift */ = {isa = PBXFileReference; lastKnownFileType = sourcecode.swift; path = Reference.swift; sourceTree = "<group>"; };
		OBJ_18 /* Signature.swift */ = {isa = PBXFileReference; lastKnownFileType = sourcecode.swift; path = Signature.swift; sourceTree = "<group>"; };
		OBJ_19 /* TInt.swift */ = {isa = PBXFileReference; lastKnownFileType = sourcecode.swift; path = TInt.swift; sourceTree = "<group>"; };
		OBJ_20 /* Transaction.swift */ = {isa = PBXFileReference; lastKnownFileType = sourcecode.swift; path = Transaction.swift; sourceTree = "<group>"; };
		OBJ_23 /* Account.swift */ = {isa = PBXFileReference; lastKnownFileType = sourcecode.swift; path = Account.swift; sourceTree = "<group>"; };
		OBJ_24 /* Bank.swift */ = {isa = PBXFileReference; lastKnownFileType = sourcecode.swift; path = Bank.swift; sourceTree = "<group>"; };
		OBJ_25 /* STMTests.swift */ = {isa = PBXFileReference; lastKnownFileType = sourcecode.swift; path = STMTests.swift; sourceTree = "<group>"; };
		OBJ_26 /* XCTestManifests.swift */ = {isa = PBXFileReference; lastKnownFileType = sourcecode.swift; path = XCTestManifests.swift; sourceTree = "<group>"; };
		OBJ_30 /* CAtomics.c */ = {isa = PBXFileReference; lastKnownFileType = sourcecode.c.c; path = CAtomics.c; sourceTree = "<group>"; };
		OBJ_32 /* CAtomics.h */ = {isa = PBXFileReference; lastKnownFileType = sourcecode.c.h; path = CAtomics.h; sourceTree = "<group>"; };
		OBJ_34 /* atomics-fence.swift */ = {isa = PBXFileReference; lastKnownFileType = sourcecode.swift; path = "atomics-fence.swift"; sourceTree = "<group>"; };
		OBJ_35 /* atomics-integer.swift */ = {isa = PBXFileReference; lastKnownFileType = sourcecode.swift; path = "atomics-integer.swift"; sourceTree = "<group>"; };
		OBJ_36 /* atomics-pointer.swift */ = {isa = PBXFileReference; lastKnownFileType = sourcecode.swift; path = "atomics-pointer.swift"; sourceTree = "<group>"; };
		OBJ_37 /* atomics-reference.swift */ = {isa = PBXFileReference; lastKnownFileType = sourcecode.swift; path = "atomics-reference.swift"; sourceTree = "<group>"; };
		OBJ_38 /* Package.swift */ = {isa = PBXFileReference; explicitFileType = sourcecode.swift; name = Package.swift; path = "/Users/Laurin/Development/Libraries/STM/.build/checkouts/swift-atomics--3542125472755542849/Package.swift"; sourceTree = "<group>"; };
		OBJ_6 /* Package.swift */ = {isa = PBXFileReference; explicitFileType = sourcecode.swift; path = Package.swift; sourceTree = "<group>"; };
		OBJ_9 /* BackoffIterator.swift */ = {isa = PBXFileReference; lastKnownFileType = sourcecode.swift; path = BackoffIterator.swift; sourceTree = "<group>"; };
		"STM::STM::Product" /* STM.framework */ = {isa = PBXFileReference; lastKnownFileType = wrapper.framework; path = STM.framework; sourceTree = BUILT_PRODUCTS_DIR; };
		"STM::STMTests::Product" /* STMTests.xctest */ = {isa = PBXFileReference; lastKnownFileType = file; path = STMTests.xctest; sourceTree = BUILT_PRODUCTS_DIR; };
/* End PBXFileReference section */

/* Begin PBXFrameworksBuildPhase section */
		OBJ_112 /* Frameworks */ = {
			isa = PBXFrameworksBuildPhase;
			buildActionMask = 0;
			files = (
				OBJ_113 /* STM.framework in Frameworks */,
				OBJ_114 /* Atomics.framework in Frameworks */,
				OBJ_115 /* CAtomics.framework in Frameworks */,
			);
			runOnlyForDeploymentPostprocessing = 0;
		};
		OBJ_53 /* Frameworks */ = {
			isa = PBXFrameworksBuildPhase;
			buildActionMask = 0;
			files = (
				OBJ_54 /* CAtomics.framework in Frameworks */,
			);
			runOnlyForDeploymentPostprocessing = 0;
		};
		OBJ_70 /* Frameworks */ = {
			isa = PBXFrameworksBuildPhase;
			buildActionMask = 0;
			files = (
			);
			runOnlyForDeploymentPostprocessing = 0;
		};
		OBJ_87 /* Frameworks */ = {
			isa = PBXFrameworksBuildPhase;
			buildActionMask = 0;
			files = (
				OBJ_88 /* Atomics.framework in Frameworks */,
				OBJ_89 /* CAtomics.framework in Frameworks */,
			);
			runOnlyForDeploymentPostprocessing = 0;
		};
/* End PBXFrameworksBuildPhase section */

/* Begin PBXGroup section */
		OBJ_12 /* Helpers */ = {
			isa = PBXGroup;
			children = (
				OBJ_13 /* Thread.swift */,
			);
			path = Helpers;
			sourceTree = "<group>";
		};
		OBJ_21 /* Tests */ = {
			isa = PBXGroup;
			children = (
				OBJ_22 /* STMTests */,
			);
			name = Tests;
			sourceTree = SOURCE_ROOT;
		};
		OBJ_22 /* STMTests */ = {
			isa = PBXGroup;
			children = (
				OBJ_23 /* Account.swift */,
				OBJ_24 /* Bank.swift */,
				OBJ_25 /* STMTests.swift */,
				OBJ_26 /* XCTestManifests.swift */,
			);
			name = STMTests;
			path = Tests/STMTests;
			sourceTree = SOURCE_ROOT;
		};
		OBJ_27 /* Dependencies */ = {
			isa = PBXGroup;
			children = (
				OBJ_28 /* Atomics 4.1.4 */,
			);
			name = Dependencies;
			sourceTree = "<group>";
		};
		OBJ_28 /* Atomics 4.1.4 */ = {
			isa = PBXGroup;
			children = (
				OBJ_29 /* CAtomics */,
				OBJ_33 /* Atomics */,
				OBJ_38 /* Package.swift */,
			);
			name = "Atomics 4.1.4";
			sourceTree = SOURCE_ROOT;
		};
		OBJ_29 /* CAtomics */ = {
			isa = PBXGroup;
			children = (
				OBJ_30 /* CAtomics.c */,
				OBJ_31 /* include */,
			);
			name = CAtomics;
			path = ".build/checkouts/swift-atomics--3542125472755542849/Sources/CAtomics";
			sourceTree = SOURCE_ROOT;
		};
		OBJ_31 /* include */ = {
			isa = PBXGroup;
			children = (
				OBJ_32 /* CAtomics.h */,
			);
			path = include;
			sourceTree = "<group>";
		};
		OBJ_33 /* Atomics */ = {
			isa = PBXGroup;
			children = (
				OBJ_34 /* atomics-fence.swift */,
				OBJ_35 /* atomics-integer.swift */,
				OBJ_36 /* atomics-pointer.swift */,
				OBJ_37 /* atomics-reference.swift */,
			);
			name = Atomics;
			path = ".build/checkouts/swift-atomics--3542125472755542849/Sources/Atomics";
			sourceTree = SOURCE_ROOT;
		};
		OBJ_39 /* Products */ = {
			isa = PBXGroup;
			children = (
				"Atomics::CAtomics::Product" /* CAtomics.framework */,
				"STM::STMTests::Product" /* STMTests.xctest */,
				"Atomics::Atomics::Product" /* Atomics.framework */,
				"STM::STM::Product" /* STM.framework */,
			);
			name = Products;
			sourceTree = BUILT_PRODUCTS_DIR;
		};
		OBJ_5 = {
			isa = PBXGroup;
			children = (
				OBJ_6 /* Package.swift */,
				OBJ_7 /* Sources */,
				OBJ_21 /* Tests */,
				OBJ_27 /* Dependencies */,
				OBJ_39 /* Products */,
			);
			sourceTree = "<group>";
		};
		OBJ_7 /* Sources */ = {
			isa = PBXGroup;
			children = (
				OBJ_8 /* STM */,
			);
			name = Sources;
			sourceTree = SOURCE_ROOT;
		};
		OBJ_8 /* STM */ = {
			isa = PBXGroup;
			children = (
				OBJ_9 /* BackoffIterator.swift */,
				OBJ_10 /* Barrier.swift */,
				OBJ_11 /* Error.swift */,
				OBJ_12 /* Helpers */,
				OBJ_14 /* Manager.swift */,
				OBJ_15 /* Operators.swift */,
				OBJ_16 /* Reference.swift */,
				49A13ECC2175332B00E5FDF6 /* AccessQueue.swift */,
				OBJ_18 /* Signature.swift */,
				OBJ_19 /* TInt.swift */,
				OBJ_20 /* Transaction.swift */,
			);
			name = STM;
			path = Sources/STM;
			sourceTree = SOURCE_ROOT;
		};
/* End PBXGroup section */

/* Begin PBXHeadersBuildPhase section */
		OBJ_68 /* Headers */ = {
			isa = PBXHeadersBuildPhase;
			buildActionMask = 0;
			files = (
				OBJ_69 /* CAtomics.h in Headers */,
			);
			runOnlyForDeploymentPostprocessing = 0;
		};
/* End PBXHeadersBuildPhase section */

/* Begin PBXNativeTarget section */
		"Atomics::Atomics" /* Atomics */ = {
			isa = PBXNativeTarget;
			buildConfigurationList = OBJ_45 /* Build configuration list for PBXNativeTarget "Atomics" */;
			buildPhases = (
				OBJ_48 /* Sources */,
				OBJ_53 /* Frameworks */,
			);
			buildRules = (
			);
			dependencies = (
				OBJ_55 /* PBXTargetDependency */,
			);
			name = Atomics;
			productName = Atomics;
			productReference = "Atomics::Atomics::Product" /* Atomics.framework */;
			productType = "com.apple.product-type.framework";
		};
		"Atomics::CAtomics" /* CAtomics */ = {
			isa = PBXNativeTarget;
			buildConfigurationList = OBJ_63 /* Build configuration list for PBXNativeTarget "CAtomics" */;
			buildPhases = (
				OBJ_66 /* Sources */,
				OBJ_68 /* Headers */,
				OBJ_70 /* Frameworks */,
			);
			buildRules = (
			);
			dependencies = (
			);
			name = CAtomics;
			productName = CAtomics;
			productReference = "Atomics::CAtomics::Product" /* CAtomics.framework */;
			productType = "com.apple.product-type.framework";
		};
		"Atomics::SwiftPMPackageDescription" /* AtomicsPackageDescription */ = {
			isa = PBXNativeTarget;
			buildConfigurationList = OBJ_58 /* Build configuration list for PBXNativeTarget "AtomicsPackageDescription" */;
			buildPhases = (
				OBJ_61 /* Sources */,
			);
			buildRules = (
			);
			dependencies = (
			);
			name = AtomicsPackageDescription;
			productName = AtomicsPackageDescription;
			productType = "com.apple.product-type.framework";
		};
		"STM::STM" /* STM */ = {
			isa = PBXNativeTarget;
			buildConfigurationList = OBJ_72 /* Build configuration list for PBXNativeTarget "STM" */;
			buildPhases = (
				OBJ_75 /* Sources */,
				OBJ_87 /* Frameworks */,
			);
			buildRules = (
			);
			dependencies = (
				OBJ_90 /* PBXTargetDependency */,
				OBJ_91 /* PBXTargetDependency */,
			);
			name = STM;
			productName = STM;
			productReference = "STM::STM::Product" /* STM.framework */;
			productType = "com.apple.product-type.framework";
		};
		"STM::STMTests" /* STMTests */ = {
			isa = PBXNativeTarget;
			buildConfigurationList = OBJ_104 /* Build configuration list for PBXNativeTarget "STMTests" */;
			buildPhases = (
				OBJ_107 /* Sources */,
				OBJ_112 /* Frameworks */,
			);
			buildRules = (
			);
			dependencies = (
				OBJ_116 /* PBXTargetDependency */,
				OBJ_117 /* PBXTargetDependency */,
				OBJ_118 /* PBXTargetDependency */,
			);
			name = STMTests;
			productName = STMTests;
			productReference = "STM::STMTests::Product" /* STMTests.xctest */;
			productType = "com.apple.product-type.bundle.unit-test";
		};
		"STM::SwiftPMPackageDescription" /* STMPackageDescription */ = {
			isa = PBXNativeTarget;
			buildConfigurationList = OBJ_93 /* Build configuration list for PBXNativeTarget "STMPackageDescription" */;
			buildPhases = (
				OBJ_96 /* Sources */,
			);
			buildRules = (
			);
			dependencies = (
			);
			name = STMPackageDescription;
			productName = STMPackageDescription;
			productType = "com.apple.product-type.framework";
		};
/* End PBXNativeTarget section */

/* Begin PBXProject section */
		OBJ_1 /* Project object */ = {
			isa = PBXProject;
			attributes = {
				LastUpgradeCheck = 9999;
			};
			buildConfigurationList = OBJ_2 /* Build configuration list for PBXProject "STM" */;
			compatibilityVersion = "Xcode 3.2";
			developmentRegion = English;
			hasScannedForEncodings = 0;
			knownRegions = (
				en,
			);
			mainGroup = OBJ_5;
			productRefGroup = OBJ_39 /* Products */;
			projectDirPath = "";
			projectRoot = "";
			targets = (
				"Atomics::Atomics" /* Atomics */,
				"Atomics::SwiftPMPackageDescription" /* AtomicsPackageDescription */,
				"Atomics::CAtomics" /* CAtomics */,
				"STM::STM" /* STM */,
				"STM::SwiftPMPackageDescription" /* STMPackageDescription */,
				"STM::STMPackageTests::ProductTarget" /* STMPackageTests */,
				"STM::STMTests" /* STMTests */,
			);
		};
/* End PBXProject section */

/* Begin PBXSourcesBuildPhase section */
		OBJ_107 /* Sources */ = {
			isa = PBXSourcesBuildPhase;
			buildActionMask = 0;
			files = (
				OBJ_108 /* Account.swift in Sources */,
				OBJ_109 /* Bank.swift in Sources */,
				OBJ_110 /* STMTests.swift in Sources */,
				OBJ_111 /* XCTestManifests.swift in Sources */,
			);
			runOnlyForDeploymentPostprocessing = 0;
		};
		OBJ_48 /* Sources */ = {
			isa = PBXSourcesBuildPhase;
			buildActionMask = 0;
			files = (
				OBJ_49 /* atomics-fence.swift in Sources */,
				OBJ_50 /* atomics-integer.swift in Sources */,
				OBJ_51 /* atomics-pointer.swift in Sources */,
				OBJ_52 /* atomics-reference.swift in Sources */,
			);
			runOnlyForDeploymentPostprocessing = 0;
		};
		OBJ_61 /* Sources */ = {
			isa = PBXSourcesBuildPhase;
			buildActionMask = 0;
			files = (
				OBJ_62 /* Package.swift in Sources */,
			);
			runOnlyForDeploymentPostprocessing = 0;
		};
		OBJ_66 /* Sources */ = {
			isa = PBXSourcesBuildPhase;
			buildActionMask = 0;
			files = (
				OBJ_67 /* CAtomics.c in Sources */,
			);
			runOnlyForDeploymentPostprocessing = 0;
		};
		OBJ_75 /* Sources */ = {
			isa = PBXSourcesBuildPhase;
			buildActionMask = 0;
			files = (
				OBJ_76 /* BackoffIterator.swift in Sources */,
				49A13ECD2175332B00E5FDF6 /* AccessQueue.swift in Sources */,
				OBJ_77 /* Barrier.swift in Sources */,
				OBJ_78 /* Error.swift in Sources */,
				OBJ_79 /* Thread.swift in Sources */,
				OBJ_80 /* Manager.swift in Sources */,
				OBJ_81 /* Operators.swift in Sources */,
				OBJ_82 /* Reference.swift in Sources */,
				OBJ_84 /* Signature.swift in Sources */,
				OBJ_85 /* TInt.swift in Sources */,
				OBJ_86 /* Transaction.swift in Sources */,
			);
			runOnlyForDeploymentPostprocessing = 0;
		};
		OBJ_96 /* Sources */ = {
			isa = PBXSourcesBuildPhase;
			buildActionMask = 0;
			files = (
				OBJ_97 /* Package.swift in Sources */,
			);
			runOnlyForDeploymentPostprocessing = 0;
		};
/* End PBXSourcesBuildPhase section */

/* Begin PBXTargetDependency section */
		OBJ_102 /* PBXTargetDependency */ = {
			isa = PBXTargetDependency;
			target = "STM::STMTests" /* STMTests */;
			targetProxy = 49D56BE321751DAD003782EC /* PBXContainerItemProxy */;
		};
		OBJ_116 /* PBXTargetDependency */ = {
			isa = PBXTargetDependency;
			target = "STM::STM" /* STM */;
			targetProxy = 49D56BE021751DAC003782EC /* PBXContainerItemProxy */;
		};
		OBJ_117 /* PBXTargetDependency */ = {
			isa = PBXTargetDependency;
			target = "Atomics::Atomics" /* Atomics */;
			targetProxy = 49D56BE121751DAC003782EC /* PBXContainerItemProxy */;
		};
		OBJ_118 /* PBXTargetDependency */ = {
			isa = PBXTargetDependency;
			target = "Atomics::CAtomics" /* CAtomics */;
			targetProxy = 49D56BE221751DAC003782EC /* PBXContainerItemProxy */;
		};
		OBJ_55 /* PBXTargetDependency */ = {
			isa = PBXTargetDependency;
			target = "Atomics::CAtomics" /* CAtomics */;
			targetProxy = 49D56BDE21751DAC003782EC /* PBXContainerItemProxy */;
		};
		OBJ_90 /* PBXTargetDependency */ = {
			isa = PBXTargetDependency;
			target = "Atomics::Atomics" /* Atomics */;
			targetProxy = 49D56BDD21751DAC003782EC /* PBXContainerItemProxy */;
		};
		OBJ_91 /* PBXTargetDependency */ = {
			isa = PBXTargetDependency;
			target = "Atomics::CAtomics" /* CAtomics */;
			targetProxy = 49D56BDF21751DAC003782EC /* PBXContainerItemProxy */;
		};
/* End PBXTargetDependency section */

/* Begin XCBuildConfiguration section */
		OBJ_100 /* Debug */ = {
			isa = XCBuildConfiguration;
			buildSettings = {
			};
			name = Debug;
		};
		OBJ_101 /* Release */ = {
			isa = XCBuildConfiguration;
			buildSettings = {
			};
			name = Release;
		};
		OBJ_105 /* Debug */ = {
			isa = XCBuildConfiguration;
			buildSettings = {
				CLANG_ENABLE_MODULES = YES;
				EMBEDDED_CONTENT_CONTAINS_SWIFT = YES;
				FRAMEWORK_SEARCH_PATHS = (
					"$(inherited)",
					"$(PLATFORM_DIR)/Developer/Library/Frameworks",
				);
				HEADER_SEARCH_PATHS = (
					"$(inherited)",
					"$(SRCROOT)/.build/checkouts/swift-atomics--3542125472755542849/Sources/CAtomics/include",
				);
				INFOPLIST_FILE = STM.xcodeproj/STMTests_Info.plist;
				LD_RUNPATH_SEARCH_PATHS = "$(inherited) @loader_path/../Frameworks @loader_path/Frameworks";
				OTHER_CFLAGS = "$(inherited)";
				OTHER_LDFLAGS = "$(inherited)";
				OTHER_SWIFT_FLAGS = "$(inherited)";
				SWIFT_ACTIVE_COMPILATION_CONDITIONS = "$(inherited)";
				SWIFT_VERSION = 4.2;
				TARGET_NAME = STMTests;
			};
			name = Debug;
		};
		OBJ_106 /* Release */ = {
			isa = XCBuildConfiguration;
			buildSettings = {
				CLANG_ENABLE_MODULES = YES;
				EMBEDDED_CONTENT_CONTAINS_SWIFT = YES;
				FRAMEWORK_SEARCH_PATHS = (
					"$(inherited)",
					"$(PLATFORM_DIR)/Developer/Library/Frameworks",
				);
				HEADER_SEARCH_PATHS = (
					"$(inherited)",
					"$(SRCROOT)/.build/checkouts/swift-atomics--3542125472755542849/Sources/CAtomics/include",
				);
				INFOPLIST_FILE = STM.xcodeproj/STMTests_Info.plist;
				LD_RUNPATH_SEARCH_PATHS = "$(inherited) @loader_path/../Frameworks @loader_path/Frameworks";
				OTHER_CFLAGS = "$(inherited)";
				OTHER_LDFLAGS = "$(inherited)";
				OTHER_SWIFT_FLAGS = "$(inherited)";
				SWIFT_ACTIVE_COMPILATION_CONDITIONS = "$(inherited)";
				SWIFT_VERSION = 4.2;
				TARGET_NAME = STMTests;
			};
			name = Release;
		};
		OBJ_3 /* Debug */ = {
			isa = XCBuildConfiguration;
			buildSettings = {
				CLANG_ENABLE_OBJC_ARC = YES;
				COMBINE_HIDPI_IMAGES = YES;
				COPY_PHASE_STRIP = NO;
				DEBUG_INFORMATION_FORMAT = dwarf;
				DYLIB_INSTALL_NAME_BASE = "@rpath";
				ENABLE_NS_ASSERTIONS = YES;
				GCC_OPTIMIZATION_LEVEL = 0;
				GCC_PREPROCESSOR_DEFINITIONS = (
					"DEBUG=1",
					"$(inherited)",
				);
				MACOSX_DEPLOYMENT_TARGET = 10.10;
				ONLY_ACTIVE_ARCH = YES;
				OTHER_SWIFT_FLAGS = "-DXcode";
				PRODUCT_NAME = "$(TARGET_NAME)";
				SDKROOT = macosx;
				SUPPORTED_PLATFORMS = "macosx iphoneos iphonesimulator appletvos appletvsimulator watchos watchsimulator";
				SWIFT_ACTIVE_COMPILATION_CONDITIONS = "SWIFT_PACKAGE DEBUG";
				SWIFT_OPTIMIZATION_LEVEL = "-Onone";
				USE_HEADERMAP = NO;
			};
			name = Debug;
		};
		OBJ_4 /* Release */ = {
			isa = XCBuildConfiguration;
			buildSettings = {
				CLANG_ENABLE_OBJC_ARC = YES;
				COMBINE_HIDPI_IMAGES = YES;
				COPY_PHASE_STRIP = YES;
				DEBUG_INFORMATION_FORMAT = "dwarf-with-dsym";
				DYLIB_INSTALL_NAME_BASE = "@rpath";
				GCC_OPTIMIZATION_LEVEL = s;
				MACOSX_DEPLOYMENT_TARGET = 10.10;
				OTHER_SWIFT_FLAGS = "-DXcode";
				PRODUCT_NAME = "$(TARGET_NAME)";
				SDKROOT = macosx;
				SUPPORTED_PLATFORMS = "macosx iphoneos iphonesimulator appletvos appletvsimulator watchos watchsimulator";
				SWIFT_ACTIVE_COMPILATION_CONDITIONS = SWIFT_PACKAGE;
				SWIFT_OPTIMIZATION_LEVEL = "-Owholemodule";
				USE_HEADERMAP = NO;
			};
			name = Release;
		};
		OBJ_46 /* Debug */ = {
			isa = XCBuildConfiguration;
			buildSettings = {
				ENABLE_TESTABILITY = YES;
				FRAMEWORK_SEARCH_PATHS = (
					"$(inherited)",
					"$(PLATFORM_DIR)/Developer/Library/Frameworks",
				);
				HEADER_SEARCH_PATHS = (
					"$(inherited)",
					"$(SRCROOT)/.build/checkouts/swift-atomics--3542125472755542849/Sources/CAtomics/include",
				);
				INFOPLIST_FILE = STM.xcodeproj/Atomics_Info.plist;
				LD_RUNPATH_SEARCH_PATHS = "$(inherited) $(TOOLCHAIN_DIR)/usr/lib/swift/macosx";
				OTHER_CFLAGS = "$(inherited)";
				OTHER_LDFLAGS = "$(inherited)";
				OTHER_SWIFT_FLAGS = "$(inherited)";
				PRODUCT_BUNDLE_IDENTIFIER = Atomics;
				PRODUCT_MODULE_NAME = "$(TARGET_NAME:c99extidentifier)";
				PRODUCT_NAME = "$(TARGET_NAME:c99extidentifier)";
				SKIP_INSTALL = YES;
				SWIFT_ACTIVE_COMPILATION_CONDITIONS = "$(inherited)";
				SWIFT_VERSION = 4.2;
				TARGET_NAME = Atomics;
			};
			name = Debug;
		};
		OBJ_47 /* Release */ = {
			isa = XCBuildConfiguration;
			buildSettings = {
				ENABLE_TESTABILITY = YES;
				FRAMEWORK_SEARCH_PATHS = (
					"$(inherited)",
					"$(PLATFORM_DIR)/Developer/Library/Frameworks",
				);
				HEADER_SEARCH_PATHS = (
					"$(inherited)",
					"$(SRCROOT)/.build/checkouts/swift-atomics--3542125472755542849/Sources/CAtomics/include",
				);
				INFOPLIST_FILE = STM.xcodeproj/Atomics_Info.plist;
				LD_RUNPATH_SEARCH_PATHS = "$(inherited) $(TOOLCHAIN_DIR)/usr/lib/swift/macosx";
				OTHER_CFLAGS = "$(inherited)";
				OTHER_LDFLAGS = "$(inherited)";
				OTHER_SWIFT_FLAGS = "$(inherited)";
				PRODUCT_BUNDLE_IDENTIFIER = Atomics;
				PRODUCT_MODULE_NAME = "$(TARGET_NAME:c99extidentifier)";
				PRODUCT_NAME = "$(TARGET_NAME:c99extidentifier)";
				SKIP_INSTALL = YES;
				SWIFT_ACTIVE_COMPILATION_CONDITIONS = "$(inherited)";
				SWIFT_VERSION = 4.2;
				TARGET_NAME = Atomics;
			};
			name = Release;
		};
		OBJ_59 /* Debug */ = {
			isa = XCBuildConfiguration;
			buildSettings = {
				LD = /usr/bin/true;
				OTHER_SWIFT_FLAGS = "-swift-version 4.2 -I $(TOOLCHAIN_DIR)/usr/lib/swift/pm/4_2 -target x86_64-apple-macosx10.10 -sdk /Applications/Xcode.app/Contents/Developer/Platforms/MacOSX.platform/Developer/SDKs/MacOSX10.14.sdk";
				SWIFT_VERSION = 4.2;
			};
			name = Debug;
		};
		OBJ_60 /* Release */ = {
			isa = XCBuildConfiguration;
			buildSettings = {
				LD = /usr/bin/true;
				OTHER_SWIFT_FLAGS = "-swift-version 4.2 -I $(TOOLCHAIN_DIR)/usr/lib/swift/pm/4_2 -target x86_64-apple-macosx10.10 -sdk /Applications/Xcode.app/Contents/Developer/Platforms/MacOSX.platform/Developer/SDKs/MacOSX10.14.sdk";
				SWIFT_VERSION = 4.2;
			};
			name = Release;
		};
		OBJ_64 /* Debug */ = {
			isa = XCBuildConfiguration;
			buildSettings = {
				CLANG_ENABLE_MODULES = YES;
				DEFINES_MODULE = YES;
				ENABLE_TESTABILITY = YES;
				FRAMEWORK_SEARCH_PATHS = (
					"$(inherited)",
					"$(PLATFORM_DIR)/Developer/Library/Frameworks",
				);
				HEADER_SEARCH_PATHS = (
					"$(inherited)",
					"$(SRCROOT)/.build/checkouts/swift-atomics--3542125472755542849/Sources/CAtomics/include",
				);
				INFOPLIST_FILE = STM.xcodeproj/CAtomics_Info.plist;
				LD_RUNPATH_SEARCH_PATHS = "$(inherited) $(TOOLCHAIN_DIR)/usr/lib/swift/macosx";
				OTHER_CFLAGS = "$(inherited)";
				OTHER_LDFLAGS = "$(inherited)";
				OTHER_SWIFT_FLAGS = "$(inherited)";
				PRODUCT_BUNDLE_IDENTIFIER = CAtomics;
				PRODUCT_MODULE_NAME = "$(TARGET_NAME:c99extidentifier)";
				PRODUCT_NAME = "$(TARGET_NAME:c99extidentifier)";
				SKIP_INSTALL = YES;
				SWIFT_ACTIVE_COMPILATION_CONDITIONS = "$(inherited)";
				TARGET_NAME = CAtomics;
			};
			name = Debug;
		};
		OBJ_65 /* Release */ = {
			isa = XCBuildConfiguration;
			buildSettings = {
				CLANG_ENABLE_MODULES = YES;
				DEFINES_MODULE = YES;
				ENABLE_TESTABILITY = YES;
				FRAMEWORK_SEARCH_PATHS = (
					"$(inherited)",
					"$(PLATFORM_DIR)/Developer/Library/Frameworks",
				);
				HEADER_SEARCH_PATHS = (
					"$(inherited)",
					"$(SRCROOT)/.build/checkouts/swift-atomics--3542125472755542849/Sources/CAtomics/include",
				);
				INFOPLIST_FILE = STM.xcodeproj/CAtomics_Info.plist;
				LD_RUNPATH_SEARCH_PATHS = "$(inherited) $(TOOLCHAIN_DIR)/usr/lib/swift/macosx";
				OTHER_CFLAGS = "$(inherited)";
				OTHER_LDFLAGS = "$(inherited)";
				OTHER_SWIFT_FLAGS = "$(inherited)";
				PRODUCT_BUNDLE_IDENTIFIER = CAtomics;
				PRODUCT_MODULE_NAME = "$(TARGET_NAME:c99extidentifier)";
				PRODUCT_NAME = "$(TARGET_NAME:c99extidentifier)";
				SKIP_INSTALL = YES;
				SWIFT_ACTIVE_COMPILATION_CONDITIONS = "$(inherited)";
				TARGET_NAME = CAtomics;
			};
			name = Release;
		};
		OBJ_73 /* Debug */ = {
			isa = XCBuildConfiguration;
			buildSettings = {
				ENABLE_TESTABILITY = YES;
				FRAMEWORK_SEARCH_PATHS = (
					"$(inherited)",
					"$(PLATFORM_DIR)/Developer/Library/Frameworks",
				);
				HEADER_SEARCH_PATHS = (
					"$(inherited)",
					"$(SRCROOT)/.build/checkouts/swift-atomics--3542125472755542849/Sources/CAtomics/include",
				);
				INFOPLIST_FILE = STM.xcodeproj/STM_Info.plist;
				LD_RUNPATH_SEARCH_PATHS = "$(inherited) $(TOOLCHAIN_DIR)/usr/lib/swift/macosx";
				OTHER_CFLAGS = "$(inherited)";
				OTHER_LDFLAGS = "$(inherited)";
				OTHER_SWIFT_FLAGS = "$(inherited)";
				PRODUCT_BUNDLE_IDENTIFIER = STM;
				PRODUCT_MODULE_NAME = "$(TARGET_NAME:c99extidentifier)";
				PRODUCT_NAME = "$(TARGET_NAME:c99extidentifier)";
				SKIP_INSTALL = YES;
				SWIFT_ACTIVE_COMPILATION_CONDITIONS = "$(inherited)";
				SWIFT_VERSION = 4.2;
				TARGET_NAME = STM;
			};
			name = Debug;
		};
		OBJ_74 /* Release */ = {
			isa = XCBuildConfiguration;
			buildSettings = {
				ENABLE_TESTABILITY = YES;
				FRAMEWORK_SEARCH_PATHS = (
					"$(inherited)",
					"$(PLATFORM_DIR)/Developer/Library/Frameworks",
				);
				HEADER_SEARCH_PATHS = (
					"$(inherited)",
					"$(SRCROOT)/.build/checkouts/swift-atomics--3542125472755542849/Sources/CAtomics/include",
				);
				INFOPLIST_FILE = STM.xcodeproj/STM_Info.plist;
				LD_RUNPATH_SEARCH_PATHS = "$(inherited) $(TOOLCHAIN_DIR)/usr/lib/swift/macosx";
				OTHER_CFLAGS = "$(inherited)";
				OTHER_LDFLAGS = "$(inherited)";
				OTHER_SWIFT_FLAGS = "$(inherited)";
				PRODUCT_BUNDLE_IDENTIFIER = STM;
				PRODUCT_MODULE_NAME = "$(TARGET_NAME:c99extidentifier)";
				PRODUCT_NAME = "$(TARGET_NAME:c99extidentifier)";
				SKIP_INSTALL = YES;
				SWIFT_ACTIVE_COMPILATION_CONDITIONS = "$(inherited)";
				SWIFT_VERSION = 4.2;
				TARGET_NAME = STM;
			};
			name = Release;
		};
		OBJ_94 /* Debug */ = {
			isa = XCBuildConfiguration;
			buildSettings = {
				LD = /usr/bin/true;
				OTHER_SWIFT_FLAGS = "-swift-version 4.2 -I $(TOOLCHAIN_DIR)/usr/lib/swift/pm/4_2 -target x86_64-apple-macosx10.10 -sdk /Applications/Xcode.app/Contents/Developer/Platforms/MacOSX.platform/Developer/SDKs/MacOSX10.14.sdk";
				SWIFT_VERSION = 4.2;
			};
			name = Debug;
		};
		OBJ_95 /* Release */ = {
			isa = XCBuildConfiguration;
			buildSettings = {
				LD = /usr/bin/true;
				OTHER_SWIFT_FLAGS = "-swift-version 4.2 -I $(TOOLCHAIN_DIR)/usr/lib/swift/pm/4_2 -target x86_64-apple-macosx10.10 -sdk /Applications/Xcode.app/Contents/Developer/Platforms/MacOSX.platform/Developer/SDKs/MacOSX10.14.sdk";
				SWIFT_VERSION = 4.2;
			};
			name = Release;
		};
/* End XCBuildConfiguration section */

/* Begin XCConfigurationList section */
		OBJ_104 /* Build configuration list for PBXNativeTarget "STMTests" */ = {
			isa = XCConfigurationList;
			buildConfigurations = (
				OBJ_105 /* Debug */,
				OBJ_106 /* Release */,
			);
			defaultConfigurationIsVisible = 0;
			defaultConfigurationName = Release;
		};
		OBJ_2 /* Build configuration list for PBXProject "STM" */ = {
			isa = XCConfigurationList;
			buildConfigurations = (
				OBJ_3 /* Debug */,
				OBJ_4 /* Release */,
			);
			defaultConfigurationIsVisible = 0;
			defaultConfigurationName = Release;
		};
		OBJ_45 /* Build configuration list for PBXNativeTarget "Atomics" */ = {
			isa = XCConfigurationList;
			buildConfigurations = (
				OBJ_46 /* Debug */,
				OBJ_47 /* Release */,
			);
			defaultConfigurationIsVisible = 0;
			defaultConfigurationName = Release;
		};
		OBJ_58 /* Build configuration list for PBXNativeTarget "AtomicsPackageDescription" */ = {
			isa = XCConfigurationList;
			buildConfigurations = (
				OBJ_59 /* Debug */,
				OBJ_60 /* Release */,
			);
			defaultConfigurationIsVisible = 0;
			defaultConfigurationName = Release;
		};
		OBJ_63 /* Build configuration list for PBXNativeTarget "CAtomics" */ = {
			isa = XCConfigurationList;
			buildConfigurations = (
				OBJ_64 /* Debug */,
				OBJ_65 /* Release */,
			);
			defaultConfigurationIsVisible = 0;
			defaultConfigurationName = Release;
		};
		OBJ_72 /* Build configuration list for PBXNativeTarget "STM" */ = {
			isa = XCConfigurationList;
			buildConfigurations = (
				OBJ_73 /* Debug */,
				OBJ_74 /* Release */,
			);
			defaultConfigurationIsVisible = 0;
			defaultConfigurationName = Release;
		};
		OBJ_93 /* Build configuration list for PBXNativeTarget "STMPackageDescription" */ = {
			isa = XCConfigurationList;
			buildConfigurations = (
				OBJ_94 /* Debug */,
				OBJ_95 /* Release */,
			);
			defaultConfigurationIsVisible = 0;
			defaultConfigurationName = Release;
		};
		OBJ_99 /* Build configuration list for PBXAggregateTarget "STMPackageTests" */ = {
			isa = XCConfigurationList;
			buildConfigurations = (
				OBJ_100 /* Debug */,
				OBJ_101 /* Release */,
			);
			defaultConfigurationIsVisible = 0;
			defaultConfigurationName = Release;
		};
/* End XCConfigurationList section */
	};
	rootObject = OBJ_1 /* Project object */;
}
