// !$*UTF8*$!
{
	archiveVersion = 1;
	classes = {
	};
	objectVersion = 46;
	objects = {

/* Begin PBXAggregateTarget section */
		"STM::STMPackageTests::ProductTarget" /* STMPackageTests */ = {
			isa = PBXAggregateTarget;
			buildConfigurationList = OBJ_129 /* Build configuration list for PBXAggregateTarget "STMPackageTests" */;
			buildPhases = (
			);
			dependencies = (
				OBJ_132 /* PBXTargetDependency */,
			);
			name = STMPackageTests;
			productName = STMPackageTests;
		};
/* End PBXAggregateTarget section */

/* Begin PBXBuildFile section */
		49594B8F2196505C00A9D2EC /* Thread.swift in Sources */ = {isa = PBXBuildFile; fileRef = 49594B8D2196501100A9D2EC /* Thread.swift */; };
		OBJ_105 /* BackoffIterator.swift in Sources */ = {isa = PBXBuildFile; fileRef = OBJ_9 /* BackoffIterator.swift */; };
		OBJ_106 /* Barrier.swift in Sources */ = {isa = PBXBuildFile; fileRef = OBJ_10 /* Barrier.swift */; };
		OBJ_109 /* Manager.swift in Sources */ = {isa = PBXBuildFile; fileRef = OBJ_14 /* Manager.swift */; };
		OBJ_110 /* Operators.swift in Sources */ = {isa = PBXBuildFile; fileRef = OBJ_15 /* Operators.swift */; };
		OBJ_111 /* Reference.swift in Sources */ = {isa = PBXBuildFile; fileRef = OBJ_16 /* Reference.swift */; };
		OBJ_112 /* Signature.swift in Sources */ = {isa = PBXBuildFile; fileRef = OBJ_17 /* Signature.swift */; };
		OBJ_113 /* TInt.swift in Sources */ = {isa = PBXBuildFile; fileRef = OBJ_18 /* TInt.swift */; };
		OBJ_114 /* Transaction.swift in Sources */ = {isa = PBXBuildFile; fileRef = OBJ_19 /* Transaction.swift */; };
		OBJ_116 /* AtomicLinkedList.framework in Frameworks */ = {isa = PBXBuildFile; fileRef = "AtomicLinkedList::AtomicLinkedList::Product" /* AtomicLinkedList.framework */; };
		OBJ_117 /* Atomics.framework in Frameworks */ = {isa = PBXBuildFile; fileRef = "Atomics::Atomics::Product" /* Atomics.framework */; };
		OBJ_118 /* CAtomics.framework in Frameworks */ = {isa = PBXBuildFile; fileRef = "Atomics::CAtomics::Product" /* CAtomics.framework */; };
		OBJ_127 /* Package.swift in Sources */ = {isa = PBXBuildFile; fileRef = OBJ_6 /* Package.swift */; };
		OBJ_138 /* Account.swift in Sources */ = {isa = PBXBuildFile; fileRef = OBJ_22 /* Account.swift */; };
		OBJ_139 /* Bank.swift in Sources */ = {isa = PBXBuildFile; fileRef = OBJ_23 /* Bank.swift */; };
		OBJ_140 /* STMTests.swift in Sources */ = {isa = PBXBuildFile; fileRef = OBJ_24 /* STMTests.swift */; };
		OBJ_141 /* XCTestManifests.swift in Sources */ = {isa = PBXBuildFile; fileRef = OBJ_25 /* XCTestManifests.swift */; };
		OBJ_143 /* STM.framework in Frameworks */ = {isa = PBXBuildFile; fileRef = "STM::STM::Product" /* STM.framework */; };
		OBJ_144 /* AtomicLinkedList.framework in Frameworks */ = {isa = PBXBuildFile; fileRef = "AtomicLinkedList::AtomicLinkedList::Product" /* AtomicLinkedList.framework */; };
		OBJ_145 /* Atomics.framework in Frameworks */ = {isa = PBXBuildFile; fileRef = "Atomics::Atomics::Product" /* Atomics.framework */; };
		OBJ_146 /* CAtomics.framework in Frameworks */ = {isa = PBXBuildFile; fileRef = "Atomics::CAtomics::Product" /* CAtomics.framework */; };
		OBJ_57 /* AtomicIterator.swift in Sources */ = {isa = PBXBuildFile; fileRef = OBJ_29 /* AtomicIterator.swift */; };
		OBJ_58 /* AtomicLinkedList.swift in Sources */ = {isa = PBXBuildFile; fileRef = OBJ_30 /* AtomicLinkedList.swift */; };
		OBJ_59 /* AtomicStack.swift in Sources */ = {isa = PBXBuildFile; fileRef = OBJ_31 /* AtomicStack.swift */; };
		OBJ_60 /* Node.swift in Sources */ = {isa = PBXBuildFile; fileRef = OBJ_32 /* Node.swift */; };
		OBJ_61 /* Ticket.swift in Sources */ = {isa = PBXBuildFile; fileRef = OBJ_33 /* Ticket.swift */; };
		OBJ_63 /* Atomics.framework in Frameworks */ = {isa = PBXBuildFile; fileRef = "Atomics::Atomics::Product" /* Atomics.framework */; };
		OBJ_64 /* CAtomics.framework in Frameworks */ = {isa = PBXBuildFile; fileRef = "Atomics::CAtomics::Product" /* CAtomics.framework */; };
		OBJ_74 /* Package.swift in Sources */ = {isa = PBXBuildFile; fileRef = OBJ_34 /* Package.swift */; };
		OBJ_79 /* atomics-fence.swift in Sources */ = {isa = PBXBuildFile; fileRef = OBJ_41 /* atomics-fence.swift */; };
		OBJ_80 /* atomics-integer.swift in Sources */ = {isa = PBXBuildFile; fileRef = OBJ_42 /* atomics-integer.swift */; };
		OBJ_81 /* atomics-pointer.swift in Sources */ = {isa = PBXBuildFile; fileRef = OBJ_43 /* atomics-pointer.swift */; };
		OBJ_82 /* atomics-reference.swift in Sources */ = {isa = PBXBuildFile; fileRef = OBJ_44 /* atomics-reference.swift */; };
		OBJ_84 /* CAtomics.framework in Frameworks */ = {isa = PBXBuildFile; fileRef = "Atomics::CAtomics::Product" /* CAtomics.framework */; };
		OBJ_91 /* Package.swift in Sources */ = {isa = PBXBuildFile; fileRef = OBJ_45 /* Package.swift */; };
		OBJ_96 /* CAtomics.c in Sources */ = {isa = PBXBuildFile; fileRef = OBJ_37 /* CAtomics.c */; };
		OBJ_98 /* CAtomics.h in Headers */ = {isa = PBXBuildFile; fileRef = OBJ_39 /* CAtomics.h */; settings = {ATTRIBUTES = (Public, ); }; };
/* End PBXBuildFile section */

/* Begin PBXContainerItemProxy section */
		49594B8221964F6000A9D2EC /* PBXContainerItemProxy */ = {
			isa = PBXContainerItemProxy;
			containerPortal = OBJ_1 /* Project object */;
			proxyType = 1;
			remoteGlobalIDString = "AtomicLinkedList::AtomicLinkedList";
			remoteInfo = AtomicLinkedList;
		};
		49594B8321964F6000A9D2EC /* PBXContainerItemProxy */ = {
			isa = PBXContainerItemProxy;
			containerPortal = OBJ_1 /* Project object */;
			proxyType = 1;
			remoteGlobalIDString = "Atomics::Atomics";
			remoteInfo = Atomics;
		};
		49594B8421964F6000A9D2EC /* PBXContainerItemProxy */ = {
			isa = PBXContainerItemProxy;
			containerPortal = OBJ_1 /* Project object */;
			proxyType = 1;
			remoteGlobalIDString = "Atomics::CAtomics";
			remoteInfo = CAtomics;
		};
		49594B8521964F6000A9D2EC /* PBXContainerItemProxy */ = {
			isa = PBXContainerItemProxy;
			containerPortal = OBJ_1 /* Project object */;
			proxyType = 1;
			remoteGlobalIDString = "Atomics::CAtomics";
			remoteInfo = CAtomics;
		};
		49594B8621964F6000A9D2EC /* PBXContainerItemProxy */ = {
			isa = PBXContainerItemProxy;
			containerPortal = OBJ_1 /* Project object */;
			proxyType = 1;
			remoteGlobalIDString = "Atomics::Atomics";
			remoteInfo = Atomics;
		};
		49594B8721964F6000A9D2EC /* PBXContainerItemProxy */ = {
			isa = PBXContainerItemProxy;
			containerPortal = OBJ_1 /* Project object */;
			proxyType = 1;
			remoteGlobalIDString = "Atomics::CAtomics";
			remoteInfo = CAtomics;
		};
		49594B8821964F6000A9D2EC /* PBXContainerItemProxy */ = {
			isa = PBXContainerItemProxy;
			containerPortal = OBJ_1 /* Project object */;
			proxyType = 1;
			remoteGlobalIDString = "STM::STM";
			remoteInfo = STM;
		};
		49594B8921964F6000A9D2EC /* PBXContainerItemProxy */ = {
			isa = PBXContainerItemProxy;
			containerPortal = OBJ_1 /* Project object */;
			proxyType = 1;
			remoteGlobalIDString = "AtomicLinkedList::AtomicLinkedList";
			remoteInfo = AtomicLinkedList;
		};
		49594B8A21964F6000A9D2EC /* PBXContainerItemProxy */ = {
			isa = PBXContainerItemProxy;
			containerPortal = OBJ_1 /* Project object */;
			proxyType = 1;
			remoteGlobalIDString = "Atomics::Atomics";
			remoteInfo = Atomics;
		};
		49594B8B21964F6000A9D2EC /* PBXContainerItemProxy */ = {
			isa = PBXContainerItemProxy;
			containerPortal = OBJ_1 /* Project object */;
			proxyType = 1;
			remoteGlobalIDString = "Atomics::CAtomics";
			remoteInfo = CAtomics;
		};
		49594B8C21964F6100A9D2EC /* PBXContainerItemProxy */ = {
			isa = PBXContainerItemProxy;
			containerPortal = OBJ_1 /* Project object */;
			proxyType = 1;
			remoteGlobalIDString = "STM::STMTests";
			remoteInfo = STMTests;
		};
/* End PBXContainerItemProxy section */

/* Begin PBXFileReference section */
		49594B8D2196501100A9D2EC /* Thread.swift */ = {isa = PBXFileReference; fileEncoding = 4; lastKnownFileType = sourcecode.swift; path = Thread.swift; sourceTree = "<group>"; };
		"AtomicLinkedList::AtomicLinkedList::Product" /* AtomicLinkedList.framework */ = {isa = PBXFileReference; lastKnownFileType = wrapper.framework; path = AtomicLinkedList.framework; sourceTree = BUILT_PRODUCTS_DIR; };
		"Atomics::Atomics::Product" /* Atomics.framework */ = {isa = PBXFileReference; lastKnownFileType = wrapper.framework; path = Atomics.framework; sourceTree = BUILT_PRODUCTS_DIR; };
		"Atomics::CAtomics::Product" /* CAtomics.framework */ = {isa = PBXFileReference; lastKnownFileType = wrapper.framework; path = CAtomics.framework; sourceTree = BUILT_PRODUCTS_DIR; };
		OBJ_10 /* Barrier.swift */ = {isa = PBXFileReference; lastKnownFileType = sourcecode.swift; path = Barrier.swift; sourceTree = "<group>"; };
		OBJ_14 /* Manager.swift */ = {isa = PBXFileReference; lastKnownFileType = sourcecode.swift; path = Manager.swift; sourceTree = "<group>"; };
		OBJ_15 /* Operators.swift */ = {isa = PBXFileReference; lastKnownFileType = sourcecode.swift; path = Operators.swift; sourceTree = "<group>"; };
		OBJ_16 /* Reference.swift */ = {isa = PBXFileReference; lastKnownFileType = sourcecode.swift; path = Reference.swift; sourceTree = "<group>"; };
		OBJ_17 /* Signature.swift */ = {isa = PBXFileReference; lastKnownFileType = sourcecode.swift; path = Signature.swift; sourceTree = "<group>"; };
		OBJ_18 /* TInt.swift */ = {isa = PBXFileReference; lastKnownFileType = sourcecode.swift; path = TInt.swift; sourceTree = "<group>"; };
		OBJ_19 /* Transaction.swift */ = {isa = PBXFileReference; lastKnownFileType = sourcecode.swift; path = Transaction.swift; sourceTree = "<group>"; };
		OBJ_22 /* Account.swift */ = {isa = PBXFileReference; lastKnownFileType = sourcecode.swift; path = Account.swift; sourceTree = "<group>"; };
		OBJ_23 /* Bank.swift */ = {isa = PBXFileReference; lastKnownFileType = sourcecode.swift; path = Bank.swift; sourceTree = "<group>"; };
		OBJ_24 /* STMTests.swift */ = {isa = PBXFileReference; lastKnownFileType = sourcecode.swift; path = STMTests.swift; sourceTree = "<group>"; };
		OBJ_25 /* XCTestManifests.swift */ = {isa = PBXFileReference; lastKnownFileType = sourcecode.swift; path = XCTestManifests.swift; sourceTree = "<group>"; };
		OBJ_29 /* AtomicIterator.swift */ = {isa = PBXFileReference; lastKnownFileType = sourcecode.swift; path = AtomicIterator.swift; sourceTree = "<group>"; };
		OBJ_30 /* AtomicLinkedList.swift */ = {isa = PBXFileReference; lastKnownFileType = sourcecode.swift; path = AtomicLinkedList.swift; sourceTree = "<group>"; };
		OBJ_31 /* AtomicStack.swift */ = {isa = PBXFileReference; lastKnownFileType = sourcecode.swift; path = AtomicStack.swift; sourceTree = "<group>"; };
		OBJ_32 /* Node.swift */ = {isa = PBXFileReference; lastKnownFileType = sourcecode.swift; path = Node.swift; sourceTree = "<group>"; };
		OBJ_33 /* Ticket.swift */ = {isa = PBXFileReference; lastKnownFileType = sourcecode.swift; path = Ticket.swift; sourceTree = "<group>"; };
		OBJ_34 /* Package.swift */ = {isa = PBXFileReference; explicitFileType = sourcecode.swift; name = Package.swift; path = /Users/Laurin/Development/Libraries/AtomicLinkedList/Package.swift; sourceTree = "<group>"; };
		OBJ_37 /* CAtomics.c */ = {isa = PBXFileReference; lastKnownFileType = sourcecode.c.c; path = CAtomics.c; sourceTree = "<group>"; };
		OBJ_39 /* CAtomics.h */ = {isa = PBXFileReference; lastKnownFileType = sourcecode.c.h; path = CAtomics.h; sourceTree = "<group>"; };
		OBJ_41 /* atomics-fence.swift */ = {isa = PBXFileReference; lastKnownFileType = sourcecode.swift; path = "atomics-fence.swift"; sourceTree = "<group>"; };
		OBJ_42 /* atomics-integer.swift */ = {isa = PBXFileReference; lastKnownFileType = sourcecode.swift; path = "atomics-integer.swift"; sourceTree = "<group>"; };
		OBJ_43 /* atomics-pointer.swift */ = {isa = PBXFileReference; lastKnownFileType = sourcecode.swift; path = "atomics-pointer.swift"; sourceTree = "<group>"; };
		OBJ_44 /* atomics-reference.swift */ = {isa = PBXFileReference; lastKnownFileType = sourcecode.swift; path = "atomics-reference.swift"; sourceTree = "<group>"; };
		OBJ_45 /* Package.swift */ = {isa = PBXFileReference; explicitFileType = sourcecode.swift; name = Package.swift; path = "/Users/Laurin/Development/Libraries/STM/.build/checkouts/swift-atomics--3542125472755542849/Package.swift"; sourceTree = "<group>"; };
		OBJ_6 /* Package.swift */ = {isa = PBXFileReference; explicitFileType = sourcecode.swift; path = Package.swift; sourceTree = "<group>"; };
		OBJ_9 /* BackoffIterator.swift */ = {isa = PBXFileReference; lastKnownFileType = sourcecode.swift; path = BackoffIterator.swift; sourceTree = "<group>"; };
		"STM::STM::Product" /* STM.framework */ = {isa = PBXFileReference; lastKnownFileType = wrapper.framework; path = STM.framework; sourceTree = BUILT_PRODUCTS_DIR; };
		"STM::STMTests::Product" /* STMTests.xctest */ = {isa = PBXFileReference; lastKnownFileType = file; path = STMTests.xctest; sourceTree = BUILT_PRODUCTS_DIR; };
/* End PBXFileReference section */

/* Begin PBXFrameworksBuildPhase section */
		OBJ_115 /* Frameworks */ = {
			isa = PBXFrameworksBuildPhase;
			buildActionMask = 0;
			files = (
				OBJ_116 /* AtomicLinkedList.framework in Frameworks */,
				OBJ_117 /* Atomics.framework in Frameworks */,
				OBJ_118 /* CAtomics.framework in Frameworks */,
			);
			runOnlyForDeploymentPostprocessing = 0;
		};
		OBJ_142 /* Frameworks */ = {
			isa = PBXFrameworksBuildPhase;
			buildActionMask = 0;
			files = (
				OBJ_143 /* STM.framework in Frameworks */,
				OBJ_144 /* AtomicLinkedList.framework in Frameworks */,
				OBJ_145 /* Atomics.framework in Frameworks */,
				OBJ_146 /* CAtomics.framework in Frameworks */,
			);
			runOnlyForDeploymentPostprocessing = 0;
		};
		OBJ_62 /* Frameworks */ = {
			isa = PBXFrameworksBuildPhase;
			buildActionMask = 0;
			files = (
				OBJ_63 /* Atomics.framework in Frameworks */,
				OBJ_64 /* CAtomics.framework in Frameworks */,
			);
			runOnlyForDeploymentPostprocessing = 0;
		};
		OBJ_83 /* Frameworks */ = {
			isa = PBXFrameworksBuildPhase;
			buildActionMask = 0;
			files = (
				OBJ_84 /* CAtomics.framework in Frameworks */,
			);
			runOnlyForDeploymentPostprocessing = 0;
		};
		OBJ_99 /* Frameworks */ = {
			isa = PBXFrameworksBuildPhase;
			buildActionMask = 0;
			files = (
			);
			runOnlyForDeploymentPostprocessing = 0;
		};
/* End PBXFrameworksBuildPhase section */

/* Begin PBXGroup section */
		OBJ_20 /* Tests */ = {
			isa = PBXGroup;
			children = (
				OBJ_21 /* STMTests */,
			);
			name = Tests;
			sourceTree = SOURCE_ROOT;
		};
		OBJ_21 /* STMTests */ = {
			isa = PBXGroup;
			children = (
				OBJ_22 /* Account.swift */,
				OBJ_23 /* Bank.swift */,
				OBJ_24 /* STMTests.swift */,
				OBJ_25 /* XCTestManifests.swift */,
			);
			name = STMTests;
			path = Tests/STMTests;
			sourceTree = SOURCE_ROOT;
		};
		OBJ_26 /* Dependencies */ = {
			isa = PBXGroup;
			children = (
				OBJ_27 /* AtomicLinkedList */,
				OBJ_35 /* Atomics 4.1.4 */,
			);
			name = Dependencies;
			sourceTree = "<group>";
		};
		OBJ_27 /* AtomicLinkedList */ = {
			isa = PBXGroup;
			children = (
				OBJ_28 /* AtomicLinkedList */,
				OBJ_34 /* Package.swift */,
			);
			name = AtomicLinkedList;
			sourceTree = SOURCE_ROOT;
		};
		OBJ_28 /* AtomicLinkedList */ = {
			isa = PBXGroup;
			children = (
				OBJ_29 /* AtomicIterator.swift */,
				OBJ_30 /* AtomicLinkedList.swift */,
				OBJ_31 /* AtomicStack.swift */,
				OBJ_32 /* Node.swift */,
				OBJ_33 /* Ticket.swift */,
			);
			name = AtomicLinkedList;
			path = ../AtomicLinkedList/Sources/AtomicLinkedList;
			sourceTree = SOURCE_ROOT;
		};
		OBJ_35 /* Atomics 4.1.4 */ = {
			isa = PBXGroup;
			children = (
				OBJ_36 /* CAtomics */,
				OBJ_40 /* Atomics */,
				OBJ_45 /* Package.swift */,
			);
			name = "Atomics 4.1.4";
			sourceTree = SOURCE_ROOT;
		};
		OBJ_36 /* CAtomics */ = {
			isa = PBXGroup;
			children = (
				OBJ_37 /* CAtomics.c */,
				OBJ_38 /* include */,
			);
			name = CAtomics;
			path = ".build/checkouts/swift-atomics--3542125472755542849/Sources/CAtomics";
			sourceTree = SOURCE_ROOT;
		};
		OBJ_38 /* include */ = {
			isa = PBXGroup;
			children = (
				OBJ_39 /* CAtomics.h */,
			);
			path = include;
			sourceTree = "<group>";
		};
		OBJ_40 /* Atomics */ = {
			isa = PBXGroup;
			children = (
				OBJ_41 /* atomics-fence.swift */,
				OBJ_42 /* atomics-integer.swift */,
				OBJ_43 /* atomics-pointer.swift */,
				OBJ_44 /* atomics-reference.swift */,
			);
			name = Atomics;
			path = ".build/checkouts/swift-atomics--3542125472755542849/Sources/Atomics";
			sourceTree = SOURCE_ROOT;
		};
		OBJ_46 /* Products */ = {
			isa = PBXGroup;
			children = (
				"Atomics::Atomics::Product" /* Atomics.framework */,
				"AtomicLinkedList::AtomicLinkedList::Product" /* AtomicLinkedList.framework */,
				"STM::STM::Product" /* STM.framework */,
				"STM::STMTests::Product" /* STMTests.xctest */,
				"Atomics::CAtomics::Product" /* CAtomics.framework */,
			);
			name = Products;
			sourceTree = BUILT_PRODUCTS_DIR;
		};
		OBJ_5 /*  */ = {
			isa = PBXGroup;
			children = (
				OBJ_6 /* Package.swift */,
				OBJ_7 /* Sources */,
				OBJ_20 /* Tests */,
				OBJ_26 /* Dependencies */,
				OBJ_46 /* Products */,
			);
			name = "";
			sourceTree = "<group>";
		};
		OBJ_7 /* Sources */ = {
			isa = PBXGroup;
			children = (
				OBJ_8 /* STM */,
			);
			name = Sources;
			sourceTree = SOURCE_ROOT;
		};
		OBJ_8 /* STM */ = {
			isa = PBXGroup;
			children = (
				49594B8D2196501100A9D2EC /* Thread.swift */,
				OBJ_9 /* BackoffIterator.swift */,
				OBJ_10 /* Barrier.swift */,
				OBJ_14 /* Manager.swift */,
				OBJ_15 /* Operators.swift */,
				OBJ_16 /* Reference.swift */,
				OBJ_17 /* Signature.swift */,
				OBJ_18 /* TInt.swift */,
				OBJ_19 /* Transaction.swift */,
			);
			name = STM;
			path = Sources/STM;
			sourceTree = SOURCE_ROOT;
		};
/* End PBXGroup section */

/* Begin PBXHeadersBuildPhase section */
		OBJ_97 /* Headers */ = {
			isa = PBXHeadersBuildPhase;
			buildActionMask = 0;
			files = (
				OBJ_98 /* CAtomics.h in Headers */,
			);
			runOnlyForDeploymentPostprocessing = 0;
		};
/* End PBXHeadersBuildPhase section */

/* Begin PBXNativeTarget section */
		"AtomicLinkedList::AtomicLinkedList" /* AtomicLinkedList */ = {
			isa = PBXNativeTarget;
			buildConfigurationList = OBJ_53 /* Build configuration list for PBXNativeTarget "AtomicLinkedList" */;
			buildPhases = (
				OBJ_56 /* Sources */,
				OBJ_62 /* Frameworks */,
			);
			buildRules = (
			);
			dependencies = (
				OBJ_65 /* PBXTargetDependency */,
				OBJ_67 /* PBXTargetDependency */,
			);
			name = AtomicLinkedList;
			productName = AtomicLinkedList;
			productReference = "AtomicLinkedList::AtomicLinkedList::Product" /* AtomicLinkedList.framework */;
			productType = "com.apple.product-type.framework";
		};
		"AtomicLinkedList::SwiftPMPackageDescription" /* AtomicLinkedListPackageDescription */ = {
			isa = PBXNativeTarget;
			buildConfigurationList = OBJ_70 /* Build configuration list for PBXNativeTarget "AtomicLinkedListPackageDescription" */;
			buildPhases = (
				OBJ_73 /* Sources */,
			);
			buildRules = (
			);
			dependencies = (
			);
			name = AtomicLinkedListPackageDescription;
			productName = AtomicLinkedListPackageDescription;
			productType = "com.apple.product-type.framework";
		};
		"Atomics::Atomics" /* Atomics */ = {
			isa = PBXNativeTarget;
			buildConfigurationList = OBJ_75 /* Build configuration list for PBXNativeTarget "Atomics" */;
			buildPhases = (
				OBJ_78 /* Sources */,
				OBJ_83 /* Frameworks */,
			);
			buildRules = (
			);
			dependencies = (
				OBJ_85 /* PBXTargetDependency */,
			);
			name = Atomics;
			productName = Atomics;
			productReference = "Atomics::Atomics::Product" /* Atomics.framework */;
			productType = "com.apple.product-type.framework";
		};
		"Atomics::CAtomics" /* CAtomics */ = {
			isa = PBXNativeTarget;
			buildConfigurationList = OBJ_92 /* Build configuration list for PBXNativeTarget "CAtomics" */;
			buildPhases = (
				OBJ_95 /* Sources */,
				OBJ_97 /* Headers */,
				OBJ_99 /* Frameworks */,
			);
			buildRules = (
			);
			dependencies = (
			);
			name = CAtomics;
			productName = CAtomics;
			productReference = "Atomics::CAtomics::Product" /* CAtomics.framework */;
			productType = "com.apple.product-type.framework";
		};
		"Atomics::SwiftPMPackageDescription" /* AtomicsPackageDescription */ = {
			isa = PBXNativeTarget;
			buildConfigurationList = OBJ_87 /* Build configuration list for PBXNativeTarget "AtomicsPackageDescription" */;
			buildPhases = (
				OBJ_90 /* Sources */,
			);
			buildRules = (
			);
			dependencies = (
			);
			name = AtomicsPackageDescription;
			productName = AtomicsPackageDescription;
			productType = "com.apple.product-type.framework";
		};
		"STM::STM" /* STM */ = {
			isa = PBXNativeTarget;
			buildConfigurationList = OBJ_101 /* Build configuration list for PBXNativeTarget "STM" */;
			buildPhases = (
				OBJ_104 /* Sources */,
				OBJ_115 /* Frameworks */,
			);
			buildRules = (
			);
			dependencies = (
				OBJ_119 /* PBXTargetDependency */,
				OBJ_120 /* PBXTargetDependency */,
				OBJ_121 /* PBXTargetDependency */,
			);
			name = STM;
			productName = STM;
			productReference = "STM::STM::Product" /* STM.framework */;
			productType = "com.apple.product-type.framework";
		};
		"STM::STMTests" /* STMTests */ = {
			isa = PBXNativeTarget;
			buildConfigurationList = OBJ_134 /* Build configuration list for PBXNativeTarget "STMTests" */;
			buildPhases = (
				OBJ_137 /* Sources */,
				OBJ_142 /* Frameworks */,
			);
			buildRules = (
			);
			dependencies = (
				OBJ_147 /* PBXTargetDependency */,
				OBJ_148 /* PBXTargetDependency */,
				OBJ_149 /* PBXTargetDependency */,
				OBJ_150 /* PBXTargetDependency */,
			);
			name = STMTests;
			productName = STMTests;
			productReference = "STM::STMTests::Product" /* STMTests.xctest */;
			productType = "com.apple.product-type.bundle.unit-test";
		};
		"STM::SwiftPMPackageDescription" /* STMPackageDescription */ = {
			isa = PBXNativeTarget;
			buildConfigurationList = OBJ_123 /* Build configuration list for PBXNativeTarget "STMPackageDescription" */;
			buildPhases = (
				OBJ_126 /* Sources */,
			);
			buildRules = (
			);
			dependencies = (
			);
			name = STMPackageDescription;
			productName = STMPackageDescription;
			productType = "com.apple.product-type.framework";
		};
/* End PBXNativeTarget section */

/* Begin PBXProject section */
		OBJ_1 /* Project object */ = {
			isa = PBXProject;
			attributes = {
				LastUpgradeCheck = 9999;
			};
			buildConfigurationList = OBJ_2 /* Build configuration list for PBXProject "STM" */;
			compatibilityVersion = "Xcode 3.2";
			developmentRegion = English;
			hasScannedForEncodings = 0;
			knownRegions = (
				en,
			);
			mainGroup = OBJ_5 /*  */;
			productRefGroup = OBJ_46 /* Products */;
			projectDirPath = "";
			projectRoot = "";
			targets = (
				"AtomicLinkedList::AtomicLinkedList" /* AtomicLinkedList */,
				"AtomicLinkedList::SwiftPMPackageDescription" /* AtomicLinkedListPackageDescription */,
				"Atomics::Atomics" /* Atomics */,
				"Atomics::SwiftPMPackageDescription" /* AtomicsPackageDescription */,
				"Atomics::CAtomics" /* CAtomics */,
				"STM::STM" /* STM */,
				"STM::SwiftPMPackageDescription" /* STMPackageDescription */,
				"STM::STMPackageTests::ProductTarget" /* STMPackageTests */,
				"STM::STMTests" /* STMTests */,
			);
		};
/* End PBXProject section */

/* Begin PBXSourcesBuildPhase section */
		OBJ_104 /* Sources */ = {
			isa = PBXSourcesBuildPhase;
			buildActionMask = 0;
			files = (
				OBJ_105 /* BackoffIterator.swift in Sources */,
				OBJ_106 /* Barrier.swift in Sources */,
				OBJ_109 /* Manager.swift in Sources */,
				OBJ_110 /* Operators.swift in Sources */,
				OBJ_111 /* Reference.swift in Sources */,
				OBJ_112 /* Signature.swift in Sources */,
				OBJ_113 /* TInt.swift in Sources */,
				49594B8F2196505C00A9D2EC /* Thread.swift in Sources */,
				OBJ_114 /* Transaction.swift in Sources */,
			);
			runOnlyForDeploymentPostprocessing = 0;
		};
		OBJ_126 /* Sources */ = {
			isa = PBXSourcesBuildPhase;
			buildActionMask = 0;
			files = (
				OBJ_127 /* Package.swift in Sources */,
			);
			runOnlyForDeploymentPostprocessing = 0;
		};
		OBJ_137 /* Sources */ = {
			isa = PBXSourcesBuildPhase;
			buildActionMask = 0;
			files = (
				OBJ_138 /* Account.swift in Sources */,
				OBJ_139 /* Bank.swift in Sources */,
				OBJ_140 /* STMTests.swift in Sources */,
				OBJ_141 /* XCTestManifests.swift in Sources */,
			);
			runOnlyForDeploymentPostprocessing = 0;
		};
		OBJ_56 /* Sources */ = {
			isa = PBXSourcesBuildPhase;
			buildActionMask = 0;
			files = (
				OBJ_57 /* AtomicIterator.swift in Sources */,
				OBJ_58 /* AtomicLinkedList.swift in Sources */,
				OBJ_59 /* AtomicStack.swift in Sources */,
				OBJ_60 /* Node.swift in Sources */,
				OBJ_61 /* Ticket.swift in Sources */,
			);
			runOnlyForDeploymentPostprocessing = 0;
		};
		OBJ_73 /* Sources */ = {
			isa = PBXSourcesBuildPhase;
			buildActionMask = 0;
			files = (
				OBJ_74 /* Package.swift in Sources */,
			);
			runOnlyForDeploymentPostprocessing = 0;
		};
		OBJ_78 /* Sources */ = {
			isa = PBXSourcesBuildPhase;
			buildActionMask = 0;
			files = (
				OBJ_79 /* atomics-fence.swift in Sources */,
				OBJ_80 /* atomics-integer.swift in Sources */,
				OBJ_81 /* atomics-pointer.swift in Sources */,
				OBJ_82 /* atomics-reference.swift in Sources */,
			);
			runOnlyForDeploymentPostprocessing = 0;
		};
		OBJ_90 /* Sources */ = {
			isa = PBXSourcesBuildPhase;
			buildActionMask = 0;
			files = (
				OBJ_91 /* Package.swift in Sources */,
			);
			runOnlyForDeploymentPostprocessing = 0;
		};
		OBJ_95 /* Sources */ = {
			isa = PBXSourcesBuildPhase;
			buildActionMask = 0;
			files = (
				OBJ_96 /* CAtomics.c in Sources */,
			);
			runOnlyForDeploymentPostprocessing = 0;
		};
/* End PBXSourcesBuildPhase section */

/* Begin PBXTargetDependency section */
		OBJ_119 /* PBXTargetDependency */ = {
			isa = PBXTargetDependency;
			target = "AtomicLinkedList::AtomicLinkedList" /* AtomicLinkedList */;
			targetProxy = 49594B8221964F6000A9D2EC /* PBXContainerItemProxy */;
		};
		OBJ_120 /* PBXTargetDependency */ = {
			isa = PBXTargetDependency;
			target = "Atomics::Atomics" /* Atomics */;
			targetProxy = 49594B8621964F6000A9D2EC /* PBXContainerItemProxy */;
		};
		OBJ_121 /* PBXTargetDependency */ = {
			isa = PBXTargetDependency;
			target = "Atomics::CAtomics" /* CAtomics */;
			targetProxy = 49594B8721964F6000A9D2EC /* PBXContainerItemProxy */;
		};
		OBJ_132 /* PBXTargetDependency */ = {
			isa = PBXTargetDependency;
			target = "STM::STMTests" /* STMTests */;
			targetProxy = 49594B8C21964F6100A9D2EC /* PBXContainerItemProxy */;
		};
		OBJ_147 /* PBXTargetDependency */ = {
			isa = PBXTargetDependency;
			target = "STM::STM" /* STM */;
			targetProxy = 49594B8821964F6000A9D2EC /* PBXContainerItemProxy */;
		};
		OBJ_148 /* PBXTargetDependency */ = {
			isa = PBXTargetDependency;
			target = "AtomicLinkedList::AtomicLinkedList" /* AtomicLinkedList */;
			targetProxy = 49594B8921964F6000A9D2EC /* PBXContainerItemProxy */;
		};
		OBJ_149 /* PBXTargetDependency */ = {
			isa = PBXTargetDependency;
			target = "Atomics::Atomics" /* Atomics */;
			targetProxy = 49594B8A21964F6000A9D2EC /* PBXContainerItemProxy */;
		};
		OBJ_150 /* PBXTargetDependency */ = {
			isa = PBXTargetDependency;
			target = "Atomics::CAtomics" /* CAtomics */;
			targetProxy = 49594B8B21964F6000A9D2EC /* PBXContainerItemProxy */;
		};
		OBJ_65 /* PBXTargetDependency */ = {
			isa = PBXTargetDependency;
			target = "Atomics::Atomics" /* Atomics */;
			targetProxy = 49594B8321964F6000A9D2EC /* PBXContainerItemProxy */;
		};
		OBJ_67 /* PBXTargetDependency */ = {
			isa = PBXTargetDependency;
			target = "Atomics::CAtomics" /* CAtomics */;
			targetProxy = 49594B8521964F6000A9D2EC /* PBXContainerItemProxy */;
		};
		OBJ_85 /* PBXTargetDependency */ = {
			isa = PBXTargetDependency;
			target = "Atomics::CAtomics" /* CAtomics */;
			targetProxy = 49594B8421964F6000A9D2EC /* PBXContainerItemProxy */;
		};
/* End PBXTargetDependency section */

/* Begin XCBuildConfiguration section */
		OBJ_102 /* Debug */ = {
			isa = XCBuildConfiguration;
			buildSettings = {
				ENABLE_TESTABILITY = YES;
				FRAMEWORK_SEARCH_PATHS = (
					"$(inherited)",
					"$(PLATFORM_DIR)/Developer/Library/Frameworks",
				);
				HEADER_SEARCH_PATHS = (
					"$(inherited)",
					"$(SRCROOT)/.build/checkouts/swift-atomics--3542125472755542849/Sources/CAtomics/include",
				);
				INFOPLIST_FILE = STM.xcodeproj/STM_Info.plist;
				LD_RUNPATH_SEARCH_PATHS = "$(inherited) $(TOOLCHAIN_DIR)/usr/lib/swift/macosx";
				OTHER_CFLAGS = "$(inherited)";
				OTHER_LDFLAGS = "$(inherited)";
				OTHER_SWIFT_FLAGS = "$(inherited)";
				PRODUCT_BUNDLE_IDENTIFIER = STM;
				PRODUCT_MODULE_NAME = "$(TARGET_NAME:c99extidentifier)";
				PRODUCT_NAME = "$(TARGET_NAME:c99extidentifier)";
				SKIP_INSTALL = YES;
				SWIFT_ACTIVE_COMPILATION_CONDITIONS = "$(inherited)";
				SWIFT_VERSION = 4.2;
				TARGET_NAME = STM;
			};
			name = Debug;
		};
		OBJ_103 /* Release */ = {
			isa = XCBuildConfiguration;
			buildSettings = {
				ENABLE_TESTABILITY = YES;
				FRAMEWORK_SEARCH_PATHS = (
					"$(inherited)",
					"$(PLATFORM_DIR)/Developer/Library/Frameworks",
				);
				HEADER_SEARCH_PATHS = (
					"$(inherited)",
					"$(SRCROOT)/.build/checkouts/swift-atomics--3542125472755542849/Sources/CAtomics/include",
				);
				INFOPLIST_FILE = STM.xcodeproj/STM_Info.plist;
				LD_RUNPATH_SEARCH_PATHS = "$(inherited) $(TOOLCHAIN_DIR)/usr/lib/swift/macosx";
				OTHER_CFLAGS = "$(inherited)";
				OTHER_LDFLAGS = "$(inherited)";
				OTHER_SWIFT_FLAGS = "$(inherited)";
				PRODUCT_BUNDLE_IDENTIFIER = STM;
				PRODUCT_MODULE_NAME = "$(TARGET_NAME:c99extidentifier)";
				PRODUCT_NAME = "$(TARGET_NAME:c99extidentifier)";
				SKIP_INSTALL = YES;
				SWIFT_ACTIVE_COMPILATION_CONDITIONS = "$(inherited)";
				SWIFT_VERSION = 4.2;
				TARGET_NAME = STM;
			};
			name = Release;
		};
		OBJ_124 /* Debug */ = {
			isa = XCBuildConfiguration;
			buildSettings = {
				LD = /usr/bin/true;
				OTHER_SWIFT_FLAGS = "-swift-version 4.2 -I $(TOOLCHAIN_DIR)/usr/lib/swift/pm/4_2 -target x86_64-apple-macosx10.10 -sdk /Applications/Xcode.app/Contents/Developer/Platforms/MacOSX.platform/Developer/SDKs/MacOSX10.14.sdk";
				SWIFT_VERSION = 4.2;
			};
			name = Debug;
		};
		OBJ_125 /* Release */ = {
			isa = XCBuildConfiguration;
			buildSettings = {
				LD = /usr/bin/true;
				OTHER_SWIFT_FLAGS = "-swift-version 4.2 -I $(TOOLCHAIN_DIR)/usr/lib/swift/pm/4_2 -target x86_64-apple-macosx10.10 -sdk /Applications/Xcode.app/Contents/Developer/Platforms/MacOSX.platform/Developer/SDKs/MacOSX10.14.sdk";
				SWIFT_VERSION = 4.2;
			};
			name = Release;
		};
		OBJ_130 /* Debug */ = {
			isa = XCBuildConfiguration;
			buildSettings = {
			};
			name = Debug;
		};
		OBJ_131 /* Release */ = {
			isa = XCBuildConfiguration;
			buildSettings = {
			};
			name = Release;
		};
		OBJ_135 /* Debug */ = {
			isa = XCBuildConfiguration;
			buildSettings = {
				CLANG_ENABLE_MODULES = YES;
				EMBEDDED_CONTENT_CONTAINS_SWIFT = YES;
				FRAMEWORK_SEARCH_PATHS = (
					"$(inherited)",
					"$(PLATFORM_DIR)/Developer/Library/Frameworks",
				);
				HEADER_SEARCH_PATHS = (
					"$(inherited)",
					"$(SRCROOT)/.build/checkouts/swift-atomics--3542125472755542849/Sources/CAtomics/include",
				);
				INFOPLIST_FILE = STM.xcodeproj/STMTests_Info.plist;
				LD_RUNPATH_SEARCH_PATHS = "$(inherited) @loader_path/../Frameworks @loader_path/Frameworks";
				OTHER_CFLAGS = "$(inherited)";
				OTHER_LDFLAGS = "$(inherited)";
				OTHER_SWIFT_FLAGS = "$(inherited)";
				SWIFT_ACTIVE_COMPILATION_CONDITIONS = "$(inherited)";
				SWIFT_VERSION = 4.2;
				TARGET_NAME = STMTests;
			};
			name = Debug;
		};
		OBJ_136 /* Release */ = {
			isa = XCBuildConfiguration;
			buildSettings = {
				CLANG_ENABLE_MODULES = YES;
				EMBEDDED_CONTENT_CONTAINS_SWIFT = YES;
				FRAMEWORK_SEARCH_PATHS = (
					"$(inherited)",
					"$(PLATFORM_DIR)/Developer/Library/Frameworks",
				);
				HEADER_SEARCH_PATHS = (
					"$(inherited)",
					"$(SRCROOT)/.build/checkouts/swift-atomics--3542125472755542849/Sources/CAtomics/include",
				);
				INFOPLIST_FILE = STM.xcodeproj/STMTests_Info.plist;
				LD_RUNPATH_SEARCH_PATHS = "$(inherited) @loader_path/../Frameworks @loader_path/Frameworks";
				OTHER_CFLAGS = "$(inherited)";
				OTHER_LDFLAGS = "$(inherited)";
				OTHER_SWIFT_FLAGS = "$(inherited)";
				SWIFT_ACTIVE_COMPILATION_CONDITIONS = "$(inherited)";
				SWIFT_VERSION = 4.2;
				TARGET_NAME = STMTests;
			};
			name = Release;
		};
		OBJ_3 /* Debug */ = {
			isa = XCBuildConfiguration;
			buildSettings = {
				CLANG_ENABLE_OBJC_ARC = YES;
				COMBINE_HIDPI_IMAGES = YES;
				COPY_PHASE_STRIP = NO;
				DEBUG_INFORMATION_FORMAT = dwarf;
				DYLIB_INSTALL_NAME_BASE = "@rpath";
				ENABLE_NS_ASSERTIONS = YES;
				GCC_OPTIMIZATION_LEVEL = 0;
				GCC_PREPROCESSOR_DEFINITIONS = (
					"DEBUG=1",
					"$(inherited)",
				);
				MACOSX_DEPLOYMENT_TARGET = 10.10;
				ONLY_ACTIVE_ARCH = YES;
				OTHER_SWIFT_FLAGS = "-DXcode";
				PRODUCT_NAME = "$(TARGET_NAME)";
				SDKROOT = macosx;
				SUPPORTED_PLATFORMS = "macosx iphoneos iphonesimulator appletvos appletvsimulator watchos watchsimulator";
				SWIFT_ACTIVE_COMPILATION_CONDITIONS = "SWIFT_PACKAGE DEBUG";
				SWIFT_OPTIMIZATION_LEVEL = "-Onone";
				USE_HEADERMAP = NO;
			};
			name = Debug;
		};
		OBJ_4 /* Release */ = {
			isa = XCBuildConfiguration;
			buildSettings = {
				CLANG_ENABLE_OBJC_ARC = YES;
				COMBINE_HIDPI_IMAGES = YES;
				COPY_PHASE_STRIP = YES;
				DEBUG_INFORMATION_FORMAT = "dwarf-with-dsym";
				DYLIB_INSTALL_NAME_BASE = "@rpath";
				GCC_OPTIMIZATION_LEVEL = s;
				MACOSX_DEPLOYMENT_TARGET = 10.10;
				OTHER_SWIFT_FLAGS = "-DXcode";
				PRODUCT_NAME = "$(TARGET_NAME)";
				SDKROOT = macosx;
				SUPPORTED_PLATFORMS = "macosx iphoneos iphonesimulator appletvos appletvsimulator watchos watchsimulator";
				SWIFT_ACTIVE_COMPILATION_CONDITIONS = SWIFT_PACKAGE;
				SWIFT_OPTIMIZATION_LEVEL = "-Owholemodule";
				USE_HEADERMAP = NO;
			};
			name = Release;
		};
		OBJ_54 /* Debug */ = {
			isa = XCBuildConfiguration;
			buildSettings = {
				ENABLE_TESTABILITY = YES;
				FRAMEWORK_SEARCH_PATHS = (
					"$(inherited)",
					"$(PLATFORM_DIR)/Developer/Library/Frameworks",
				);
				HEADER_SEARCH_PATHS = (
					"$(inherited)",
					"$(SRCROOT)/.build/checkouts/swift-atomics--3542125472755542849/Sources/CAtomics/include",
				);
				INFOPLIST_FILE = STM.xcodeproj/AtomicLinkedList_Info.plist;
				LD_RUNPATH_SEARCH_PATHS = "$(inherited) $(TOOLCHAIN_DIR)/usr/lib/swift/macosx";
				OTHER_CFLAGS = "$(inherited)";
				OTHER_LDFLAGS = "$(inherited)";
				OTHER_SWIFT_FLAGS = "$(inherited)";
				PRODUCT_BUNDLE_IDENTIFIER = AtomicLinkedList;
				PRODUCT_MODULE_NAME = "$(TARGET_NAME:c99extidentifier)";
				PRODUCT_NAME = "$(TARGET_NAME:c99extidentifier)";
				SKIP_INSTALL = YES;
				SWIFT_ACTIVE_COMPILATION_CONDITIONS = "$(inherited)";
				SWIFT_VERSION = 4.2;
				TARGET_NAME = AtomicLinkedList;
			};
			name = Debug;
		};
		OBJ_55 /* Release */ = {
			isa = XCBuildConfiguration;
			buildSettings = {
				ENABLE_TESTABILITY = YES;
				FRAMEWORK_SEARCH_PATHS = (
					"$(inherited)",
					"$(PLATFORM_DIR)/Developer/Library/Frameworks",
				);
				HEADER_SEARCH_PATHS = (
					"$(inherited)",
					"$(SRCROOT)/.build/checkouts/swift-atomics--3542125472755542849/Sources/CAtomics/include",
				);
				INFOPLIST_FILE = STM.xcodeproj/AtomicLinkedList_Info.plist;
				LD_RUNPATH_SEARCH_PATHS = "$(inherited) $(TOOLCHAIN_DIR)/usr/lib/swift/macosx";
				OTHER_CFLAGS = "$(inherited)";
				OTHER_LDFLAGS = "$(inherited)";
				OTHER_SWIFT_FLAGS = "$(inherited)";
				PRODUCT_BUNDLE_IDENTIFIER = AtomicLinkedList;
				PRODUCT_MODULE_NAME = "$(TARGET_NAME:c99extidentifier)";
				PRODUCT_NAME = "$(TARGET_NAME:c99extidentifier)";
				SKIP_INSTALL = YES;
				SWIFT_ACTIVE_COMPILATION_CONDITIONS = "$(inherited)";
				SWIFT_VERSION = 4.2;
				TARGET_NAME = AtomicLinkedList;
			};
			name = Release;
		};
		OBJ_71 /* Debug */ = {
			isa = XCBuildConfiguration;
			buildSettings = {
				LD = /usr/bin/true;
				OTHER_SWIFT_FLAGS = "-swift-version 4.2 -I $(TOOLCHAIN_DIR)/usr/lib/swift/pm/4_2 -target x86_64-apple-macosx10.10 -sdk /Applications/Xcode.app/Contents/Developer/Platforms/MacOSX.platform/Developer/SDKs/MacOSX10.14.sdk";
				SWIFT_VERSION = 4.2;
			};
			name = Debug;
		};
		OBJ_72 /* Release */ = {
			isa = XCBuildConfiguration;
			buildSettings = {
				LD = /usr/bin/true;
				OTHER_SWIFT_FLAGS = "-swift-version 4.2 -I $(TOOLCHAIN_DIR)/usr/lib/swift/pm/4_2 -target x86_64-apple-macosx10.10 -sdk /Applications/Xcode.app/Contents/Developer/Platforms/MacOSX.platform/Developer/SDKs/MacOSX10.14.sdk";
				SWIFT_VERSION = 4.2;
			};
			name = Release;
		};
		OBJ_76 /* Debug */ = {
			isa = XCBuildConfiguration;
			buildSettings = {
				ENABLE_TESTABILITY = YES;
				FRAMEWORK_SEARCH_PATHS = (
					"$(inherited)",
					"$(PLATFORM_DIR)/Developer/Library/Frameworks",
				);
				HEADER_SEARCH_PATHS = (
					"$(inherited)",
					"$(SRCROOT)/.build/checkouts/swift-atomics--3542125472755542849/Sources/CAtomics/include",
				);
				INFOPLIST_FILE = STM.xcodeproj/Atomics_Info.plist;
				LD_RUNPATH_SEARCH_PATHS = "$(inherited) $(TOOLCHAIN_DIR)/usr/lib/swift/macosx";
				OTHER_CFLAGS = "$(inherited)";
				OTHER_LDFLAGS = "$(inherited)";
				OTHER_SWIFT_FLAGS = "$(inherited)";
				PRODUCT_BUNDLE_IDENTIFIER = Atomics;
				PRODUCT_MODULE_NAME = "$(TARGET_NAME:c99extidentifier)";
				PRODUCT_NAME = "$(TARGET_NAME:c99extidentifier)";
				SKIP_INSTALL = YES;
				SWIFT_ACTIVE_COMPILATION_CONDITIONS = "$(inherited)";
				SWIFT_VERSION = 4.2;
				TARGET_NAME = Atomics;
			};
			name = Debug;
		};
		OBJ_77 /* Release */ = {
			isa = XCBuildConfiguration;
			buildSettings = {
				ENABLE_TESTABILITY = YES;
				FRAMEWORK_SEARCH_PATHS = (
					"$(inherited)",
					"$(PLATFORM_DIR)/Developer/Library/Frameworks",
				);
				HEADER_SEARCH_PATHS = (
					"$(inherited)",
					"$(SRCROOT)/.build/checkouts/swift-atomics--3542125472755542849/Sources/CAtomics/include",
				);
				INFOPLIST_FILE = STM.xcodeproj/Atomics_Info.plist;
				LD_RUNPATH_SEARCH_PATHS = "$(inherited) $(TOOLCHAIN_DIR)/usr/lib/swift/macosx";
				OTHER_CFLAGS = "$(inherited)";
				OTHER_LDFLAGS = "$(inherited)";
				OTHER_SWIFT_FLAGS = "$(inherited)";
				PRODUCT_BUNDLE_IDENTIFIER = Atomics;
				PRODUCT_MODULE_NAME = "$(TARGET_NAME:c99extidentifier)";
				PRODUCT_NAME = "$(TARGET_NAME:c99extidentifier)";
				SKIP_INSTALL = YES;
				SWIFT_ACTIVE_COMPILATION_CONDITIONS = "$(inherited)";
				SWIFT_VERSION = 4.2;
				TARGET_NAME = Atomics;
			};
			name = Release;
		};
		OBJ_88 /* Debug */ = {
			isa = XCBuildConfiguration;
			buildSettings = {
				LD = /usr/bin/true;
				OTHER_SWIFT_FLAGS = "-swift-version 4.2 -I $(TOOLCHAIN_DIR)/usr/lib/swift/pm/4_2 -target x86_64-apple-macosx10.10 -sdk /Applications/Xcode.app/Contents/Developer/Platforms/MacOSX.platform/Developer/SDKs/MacOSX10.14.sdk";
				SWIFT_VERSION = 4.2;
			};
			name = Debug;
		};
		OBJ_89 /* Release */ = {
			isa = XCBuildConfiguration;
			buildSettings = {
				LD = /usr/bin/true;
				OTHER_SWIFT_FLAGS = "-swift-version 4.2 -I $(TOOLCHAIN_DIR)/usr/lib/swift/pm/4_2 -target x86_64-apple-macosx10.10 -sdk /Applications/Xcode.app/Contents/Developer/Platforms/MacOSX.platform/Developer/SDKs/MacOSX10.14.sdk";
				SWIFT_VERSION = 4.2;
			};
			name = Release;
		};
		OBJ_93 /* Debug */ = {
			isa = XCBuildConfiguration;
			buildSettings = {
				CLANG_ENABLE_MODULES = YES;
				DEFINES_MODULE = YES;
				ENABLE_TESTABILITY = YES;
				FRAMEWORK_SEARCH_PATHS = (
					"$(inherited)",
					"$(PLATFORM_DIR)/Developer/Library/Frameworks",
				);
				HEADER_SEARCH_PATHS = (
					"$(inherited)",
					"$(SRCROOT)/.build/checkouts/swift-atomics--3542125472755542849/Sources/CAtomics/include",
				);
				INFOPLIST_FILE = STM.xcodeproj/CAtomics_Info.plist;
				LD_RUNPATH_SEARCH_PATHS = "$(inherited) $(TOOLCHAIN_DIR)/usr/lib/swift/macosx";
				OTHER_CFLAGS = "$(inherited)";
				OTHER_LDFLAGS = "$(inherited)";
				OTHER_SWIFT_FLAGS = "$(inherited)";
				PRODUCT_BUNDLE_IDENTIFIER = CAtomics;
				PRODUCT_MODULE_NAME = "$(TARGET_NAME:c99extidentifier)";
				PRODUCT_NAME = "$(TARGET_NAME:c99extidentifier)";
				SKIP_INSTALL = YES;
				SWIFT_ACTIVE_COMPILATION_CONDITIONS = "$(inherited)";
				TARGET_NAME = CAtomics;
			};
			name = Debug;
		};
		OBJ_94 /* Release */ = {
			isa = XCBuildConfiguration;
			buildSettings = {
				CLANG_ENABLE_MODULES = YES;
				DEFINES_MODULE = YES;
				ENABLE_TESTABILITY = YES;
				FRAMEWORK_SEARCH_PATHS = (
					"$(inherited)",
					"$(PLATFORM_DIR)/Developer/Library/Frameworks",
				);
				HEADER_SEARCH_PATHS = (
					"$(inherited)",
					"$(SRCROOT)/.build/checkouts/swift-atomics--3542125472755542849/Sources/CAtomics/include",
				);
				INFOPLIST_FILE = STM.xcodeproj/CAtomics_Info.plist;
				LD_RUNPATH_SEARCH_PATHS = "$(inherited) $(TOOLCHAIN_DIR)/usr/lib/swift/macosx";
				OTHER_CFLAGS = "$(inherited)";
				OTHER_LDFLAGS = "$(inherited)";
				OTHER_SWIFT_FLAGS = "$(inherited)";
				PRODUCT_BUNDLE_IDENTIFIER = CAtomics;
				PRODUCT_MODULE_NAME = "$(TARGET_NAME:c99extidentifier)";
				PRODUCT_NAME = "$(TARGET_NAME:c99extidentifier)";
				SKIP_INSTALL = YES;
				SWIFT_ACTIVE_COMPILATION_CONDITIONS = "$(inherited)";
				TARGET_NAME = CAtomics;
			};
			name = Release;
		};
/* End XCBuildConfiguration section */

/* Begin XCConfigurationList section */
		OBJ_101 /* Build configuration list for PBXNativeTarget "STM" */ = {
			isa = XCConfigurationList;
			buildConfigurations = (
				OBJ_102 /* Debug */,
				OBJ_103 /* Release */,
			);
			defaultConfigurationIsVisible = 0;
			defaultConfigurationName = Release;
		};
		OBJ_123 /* Build configuration list for PBXNativeTarget "STMPackageDescription" */ = {
			isa = XCConfigurationList;
			buildConfigurations = (
				OBJ_124 /* Debug */,
				OBJ_125 /* Release */,
			);
			defaultConfigurationIsVisible = 0;
			defaultConfigurationName = Release;
		};
		OBJ_129 /* Build configuration list for PBXAggregateTarget "STMPackageTests" */ = {
			isa = XCConfigurationList;
			buildConfigurations = (
				OBJ_130 /* Debug */,
				OBJ_131 /* Release */,
			);
			defaultConfigurationIsVisible = 0;
			defaultConfigurationName = Release;
		};
		OBJ_134 /* Build configuration list for PBXNativeTarget "STMTests" */ = {
			isa = XCConfigurationList;
			buildConfigurations = (
				OBJ_135 /* Debug */,
				OBJ_136 /* Release */,
			);
			defaultConfigurationIsVisible = 0;
			defaultConfigurationName = Release;
		};
		OBJ_2 /* Build configuration list for PBXProject "STM" */ = {
			isa = XCConfigurationList;
			buildConfigurations = (
				OBJ_3 /* Debug */,
				OBJ_4 /* Release */,
			);
			defaultConfigurationIsVisible = 0;
			defaultConfigurationName = Release;
		};
		OBJ_53 /* Build configuration list for PBXNativeTarget "AtomicLinkedList" */ = {
			isa = XCConfigurationList;
			buildConfigurations = (
				OBJ_54 /* Debug */,
				OBJ_55 /* Release */,
			);
			defaultConfigurationIsVisible = 0;
			defaultConfigurationName = Release;
		};
		OBJ_70 /* Build configuration list for PBXNativeTarget "AtomicLinkedListPackageDescription" */ = {
			isa = XCConfigurationList;
			buildConfigurations = (
				OBJ_71 /* Debug */,
				OBJ_72 /* Release */,
			);
			defaultConfigurationIsVisible = 0;
			defaultConfigurationName = Release;
		};
		OBJ_75 /* Build configuration list for PBXNativeTarget "Atomics" */ = {
			isa = XCConfigurationList;
			buildConfigurations = (
				OBJ_76 /* Debug */,
				OBJ_77 /* Release */,
			);
			defaultConfigurationIsVisible = 0;
			defaultConfigurationName = Release;
		};
		OBJ_87 /* Build configuration list for PBXNativeTarget "AtomicsPackageDescription" */ = {
			isa = XCConfigurationList;
			buildConfigurations = (
				OBJ_88 /* Debug */,
				OBJ_89 /* Release */,
			);
			defaultConfigurationIsVisible = 0;
			defaultConfigurationName = Release;
		};
		OBJ_92 /* Build configuration list for PBXNativeTarget "CAtomics" */ = {
			isa = XCConfigurationList;
			buildConfigurations = (
				OBJ_93 /* Debug */,
				OBJ_94 /* Release */,
			);
			defaultConfigurationIsVisible = 0;
			defaultConfigurationName = Release;
		};
/* End XCConfigurationList section */
	};
	rootObject = OBJ_1 /* Project object */;
}
